// !$*UTF8*$!
{
	archiveVersion = 1;
	classes = {
	};
	objectVersion = 56;
	objects = {

/* Begin PBXBuildFile section */
		483817852AED3F6500A1EADB /* Color+Default.swift in Sources */ = {isa = PBXBuildFile; fileRef = 483817842AED3F6500A1EADB /* Color+Default.swift */; };
		483817872AED41F100A1EADB /* Image+Default.swift in Sources */ = {isa = PBXBuildFile; fileRef = 483817862AED41F100A1EADB /* Image+Default.swift */; };
		4838178C2AED449200A1EADB /* OnboardingView.swift in Sources */ = {isa = PBXBuildFile; fileRef = 4838178B2AED449200A1EADB /* OnboardingView.swift */; };
		48BAE2CD2AED390400AB3D8F /* AssetInApp.swift in Sources */ = {isa = PBXBuildFile; fileRef = 48BAE2CC2AED390400AB3D8F /* AssetInApp.swift */; };
		48BAE2CF2AED390400AB3D8F /* ContentView.swift in Sources */ = {isa = PBXBuildFile; fileRef = 48BAE2CE2AED390400AB3D8F /* ContentView.swift */; };
		48BAE2D12AED390500AB3D8F /* Assets.xcassets in Resources */ = {isa = PBXBuildFile; fileRef = 48BAE2D02AED390500AB3D8F /* Assets.xcassets */; };
		48BAE2D42AED390500AB3D8F /* Preview Assets.xcassets in Resources */ = {isa = PBXBuildFile; fileRef = 48BAE2D32AED390500AB3D8F /* Preview Assets.xcassets */; };
		48BAE2DE2AED390500AB3D8F /* AssetInTests.swift in Sources */ = {isa = PBXBuildFile; fileRef = 48BAE2DD2AED390500AB3D8F /* AssetInTests.swift */; };
		48BAE2E82AED390500AB3D8F /* AssetInUITests.swift in Sources */ = {isa = PBXBuildFile; fileRef = 48BAE2E72AED390500AB3D8F /* AssetInUITests.swift */; };
		48BAE2EA2AED390500AB3D8F /* AssetInUITestsLaunchTests.swift in Sources */ = {isa = PBXBuildFile; fileRef = 48BAE2E92AED390500AB3D8F /* AssetInUITestsLaunchTests.swift */; };
/* End PBXBuildFile section */

/* Begin PBXContainerItemProxy section */
		48BAE2DA2AED390500AB3D8F /* PBXContainerItemProxy */ = {
			isa = PBXContainerItemProxy;
			containerPortal = 48BAE2C12AED390400AB3D8F /* Project object */;
			proxyType = 1;
			remoteGlobalIDString = 48BAE2C82AED390400AB3D8F;
			remoteInfo = AssetIn;
		};
		48BAE2E42AED390500AB3D8F /* PBXContainerItemProxy */ = {
			isa = PBXContainerItemProxy;
			containerPortal = 48BAE2C12AED390400AB3D8F /* Project object */;
			proxyType = 1;
			remoteGlobalIDString = 48BAE2C82AED390400AB3D8F;
			remoteInfo = AssetIn;
		};
/* End PBXContainerItemProxy section */

/* Begin PBXFileReference section */
		483817842AED3F6500A1EADB /* Color+Default.swift */ = {isa = PBXFileReference; lastKnownFileType = sourcecode.swift; path = "Color+Default.swift"; sourceTree = "<group>"; };
		483817862AED41F100A1EADB /* Image+Default.swift */ = {isa = PBXFileReference; lastKnownFileType = sourcecode.swift; path = "Image+Default.swift"; sourceTree = "<group>"; };
		4838178B2AED449200A1EADB /* OnboardingView.swift */ = {isa = PBXFileReference; lastKnownFileType = sourcecode.swift; name = OnboardingView.swift; path = "../../../../../../../../Library/Mobile Documents/.Trash/AssetIn/AssetIn/AssetIn/Common/Resource/OnboardingView.swift"; sourceTree = "<group>"; };
		4838178D2AED519500A1EADB /* Info.plist */ = {isa = PBXFileReference; lastKnownFileType = text.plist; path = Info.plist; sourceTree = "<group>"; };
		48BAE2C92AED390400AB3D8F /* AssetIn.app */ = {isa = PBXFileReference; explicitFileType = wrapper.application; includeInIndex = 0; path = AssetIn.app; sourceTree = BUILT_PRODUCTS_DIR; };
		48BAE2CC2AED390400AB3D8F /* AssetInApp.swift */ = {isa = PBXFileReference; lastKnownFileType = sourcecode.swift; path = AssetInApp.swift; sourceTree = "<group>"; };
		48BAE2CE2AED390400AB3D8F /* ContentView.swift */ = {isa = PBXFileReference; lastKnownFileType = sourcecode.swift; path = ContentView.swift; sourceTree = "<group>"; };
		48BAE2D02AED390500AB3D8F /* Assets.xcassets */ = {isa = PBXFileReference; lastKnownFileType = folder.assetcatalog; path = Assets.xcassets; sourceTree = "<group>"; };
		48BAE2D32AED390500AB3D8F /* Preview Assets.xcassets */ = {isa = PBXFileReference; lastKnownFileType = folder.assetcatalog; path = "Preview Assets.xcassets"; sourceTree = "<group>"; };
		48BAE2D92AED390500AB3D8F /* AssetInTests.xctest */ = {isa = PBXFileReference; explicitFileType = wrapper.cfbundle; includeInIndex = 0; path = AssetInTests.xctest; sourceTree = BUILT_PRODUCTS_DIR; };
		48BAE2DD2AED390500AB3D8F /* AssetInTests.swift */ = {isa = PBXFileReference; lastKnownFileType = sourcecode.swift; path = AssetInTests.swift; sourceTree = "<group>"; };
		48BAE2E32AED390500AB3D8F /* AssetInUITests.xctest */ = {isa = PBXFileReference; explicitFileType = wrapper.cfbundle; includeInIndex = 0; path = AssetInUITests.xctest; sourceTree = BUILT_PRODUCTS_DIR; };
		48BAE2E72AED390500AB3D8F /* AssetInUITests.swift */ = {isa = PBXFileReference; lastKnownFileType = sourcecode.swift; path = AssetInUITests.swift; sourceTree = "<group>"; };
		48BAE2E92AED390500AB3D8F /* AssetInUITestsLaunchTests.swift */ = {isa = PBXFileReference; lastKnownFileType = sourcecode.swift; path = AssetInUITestsLaunchTests.swift; sourceTree = "<group>"; };
/* End PBXFileReference section */

/* Begin PBXFrameworksBuildPhase section */
		48BAE2C62AED390400AB3D8F /* Frameworks */ = {
			isa = PBXFrameworksBuildPhase;
			buildActionMask = 2147483647;
			files = (
			);
			runOnlyForDeploymentPostprocessing = 0;
		};
		48BAE2D62AED390500AB3D8F /* Frameworks */ = {
			isa = PBXFrameworksBuildPhase;
			buildActionMask = 2147483647;
			files = (
			);
			runOnlyForDeploymentPostprocessing = 0;
		};
		48BAE2E02AED390500AB3D8F /* Frameworks */ = {
			isa = PBXFrameworksBuildPhase;
			buildActionMask = 2147483647;
			files = (
			);
			runOnlyForDeploymentPostprocessing = 0;
		};
/* End PBXFrameworksBuildPhase section */

/* Begin PBXGroup section */
		483817882AED444E00A1EADB /* Onboarding */ = {
			isa = PBXGroup;
			children = (
				483817892AED446400A1EADB /* View */,
			);
			path = Onboarding;
			sourceTree = "<group>";
		};
		483817892AED446400A1EADB /* View */ = {
			isa = PBXGroup;
			children = (
				4838178B2AED449200A1EADB /* OnboardingView.swift */,
			);
			path = View;
			sourceTree = "<group>";
		};
		48BAE2C02AED390400AB3D8F = {
			isa = PBXGroup;
			children = (
				48BAE2CB2AED390400AB3D8F /* AssetIn */,
				48BAE2DC2AED390500AB3D8F /* AssetInTests */,
				48BAE2E62AED390500AB3D8F /* AssetInUITests */,
				48BAE2CA2AED390400AB3D8F /* Products */,
			);
			sourceTree = "<group>";
		};
		48BAE2CA2AED390400AB3D8F /* Products */ = {
			isa = PBXGroup;
			children = (
				48BAE2C92AED390400AB3D8F /* AssetIn.app */,
				48BAE2D92AED390500AB3D8F /* AssetInTests.xctest */,
				48BAE2E32AED390500AB3D8F /* AssetInUITests.xctest */,
			);
			name = Products;
			sourceTree = "<group>";
		};
		48BAE2CB2AED390400AB3D8F /* AssetIn */ = {
			isa = PBXGroup;
			children = (
				4838178D2AED519500A1EADB /* Info.plist */,
				48BAE2F92AED399600AB3D8F /* Feature */,
				48BAE2F82AED398700AB3D8F /* Common */,
				48BAE2D22AED390500AB3D8F /* Preview Content */,
			);
			path = AssetIn;
			sourceTree = "<group>";
		};
		48BAE2D22AED390500AB3D8F /* Preview Content */ = {
			isa = PBXGroup;
			children = (
				48BAE2D32AED390500AB3D8F /* Preview Assets.xcassets */,
			);
			path = "Preview Content";
			sourceTree = "<group>";
		};
		48BAE2DC2AED390500AB3D8F /* AssetInTests */ = {
			isa = PBXGroup;
			children = (
				48BAE2DD2AED390500AB3D8F /* AssetInTests.swift */,
			);
			path = AssetInTests;
			sourceTree = "<group>";
		};
		48BAE2E62AED390500AB3D8F /* AssetInUITests */ = {
			isa = PBXGroup;
			children = (
				48BAE2E72AED390500AB3D8F /* AssetInUITests.swift */,
				48BAE2E92AED390500AB3D8F /* AssetInUITestsLaunchTests.swift */,
			);
			path = AssetInUITests;
			sourceTree = "<group>";
		};
		48BAE2F62AED396000AB3D8F /* Main */ = {
			isa = PBXGroup;
			children = (
				48BAE2CC2AED390400AB3D8F /* AssetInApp.swift */,
				48BAE2CE2AED390400AB3D8F /* ContentView.swift */,
			);
			path = Main;
			sourceTree = "<group>";
		};
		48BAE2F72AED397200AB3D8F /* Resource */ = {
			isa = PBXGroup;
			children = (
				48BAE2D02AED390500AB3D8F /* Assets.xcassets */,
				483817862AED41F100A1EADB /* Image+Default.swift */,
				483817842AED3F6500A1EADB /* Color+Default.swift */,
			);
			path = Resource;
			sourceTree = "<group>";
		};
		48BAE2F82AED398700AB3D8F /* Common */ = {
			isa = PBXGroup;
			children = (
				48BAE2F72AED397200AB3D8F /* Resource */,
			);
			path = Common;
			sourceTree = "<group>";
		};
		48BAE2F92AED399600AB3D8F /* Feature */ = {
			isa = PBXGroup;
			children = (
				483817882AED444E00A1EADB /* Onboarding */,
				48BAE2F62AED396000AB3D8F /* Main */,
			);
			path = Feature;
			sourceTree = "<group>";
		};
/* End PBXGroup section */

/* Begin PBXNativeTarget section */
		48BAE2C82AED390400AB3D8F /* AssetIn */ = {
			isa = PBXNativeTarget;
			buildConfigurationList = 48BAE2ED2AED390500AB3D8F /* Build configuration list for PBXNativeTarget "AssetIn" */;
			buildPhases = (
				48BAE2C52AED390400AB3D8F /* Sources */,
				48BAE2C62AED390400AB3D8F /* Frameworks */,
				48BAE2C72AED390400AB3D8F /* Resources */,
			);
			buildRules = (
			);
			dependencies = (
			);
			name = AssetIn;
			productName = AssetIn;
			productReference = 48BAE2C92AED390400AB3D8F /* AssetIn.app */;
			productType = "com.apple.product-type.application";
		};
		48BAE2D82AED390500AB3D8F /* AssetInTests */ = {
			isa = PBXNativeTarget;
			buildConfigurationList = 48BAE2F02AED390500AB3D8F /* Build configuration list for PBXNativeTarget "AssetInTests" */;
			buildPhases = (
				48BAE2D52AED390500AB3D8F /* Sources */,
				48BAE2D62AED390500AB3D8F /* Frameworks */,
				48BAE2D72AED390500AB3D8F /* Resources */,
			);
			buildRules = (
			);
			dependencies = (
				48BAE2DB2AED390500AB3D8F /* PBXTargetDependency */,
			);
			name = AssetInTests;
			productName = AssetInTests;
			productReference = 48BAE2D92AED390500AB3D8F /* AssetInTests.xctest */;
			productType = "com.apple.product-type.bundle.unit-test";
		};
		48BAE2E22AED390500AB3D8F /* AssetInUITests */ = {
			isa = PBXNativeTarget;
			buildConfigurationList = 48BAE2F32AED390500AB3D8F /* Build configuration list for PBXNativeTarget "AssetInUITests" */;
			buildPhases = (
				48BAE2DF2AED390500AB3D8F /* Sources */,
				48BAE2E02AED390500AB3D8F /* Frameworks */,
				48BAE2E12AED390500AB3D8F /* Resources */,
			);
			buildRules = (
			);
			dependencies = (
				48BAE2E52AED390500AB3D8F /* PBXTargetDependency */,
			);
			name = AssetInUITests;
			productName = AssetInUITests;
			productReference = 48BAE2E32AED390500AB3D8F /* AssetInUITests.xctest */;
			productType = "com.apple.product-type.bundle.ui-testing";
		};
/* End PBXNativeTarget section */

/* Begin PBXProject section */
		48BAE2C12AED390400AB3D8F /* Project object */ = {
			isa = PBXProject;
			attributes = {
				BuildIndependentTargetsInParallel = 1;
				LastSwiftUpdateCheck = 1500;
				LastUpgradeCheck = 1500;
				TargetAttributes = {
					48BAE2C82AED390400AB3D8F = {
						CreatedOnToolsVersion = 15.0;
					};
					48BAE2D82AED390500AB3D8F = {
						CreatedOnToolsVersion = 15.0;
						TestTargetID = 48BAE2C82AED390400AB3D8F;
					};
					48BAE2E22AED390500AB3D8F = {
						CreatedOnToolsVersion = 15.0;
						TestTargetID = 48BAE2C82AED390400AB3D8F;
					};
				};
			};
			buildConfigurationList = 48BAE2C42AED390400AB3D8F /* Build configuration list for PBXProject "AssetIn" */;
			compatibilityVersion = "Xcode 14.0";
			developmentRegion = en;
			hasScannedForEncodings = 0;
			knownRegions = (
				en,
				Base,
			);
			mainGroup = 48BAE2C02AED390400AB3D8F;
			productRefGroup = 48BAE2CA2AED390400AB3D8F /* Products */;
			projectDirPath = "";
			projectRoot = "";
			targets = (
				48BAE2C82AED390400AB3D8F /* AssetIn */,
				48BAE2D82AED390500AB3D8F /* AssetInTests */,
				48BAE2E22AED390500AB3D8F /* AssetInUITests */,
			);
		};
/* End PBXProject section */

/* Begin PBXResourcesBuildPhase section */
		48BAE2C72AED390400AB3D8F /* Resources */ = {
			isa = PBXResourcesBuildPhase;
			buildActionMask = 2147483647;
			files = (
				48BAE2D42AED390500AB3D8F /* Preview Assets.xcassets in Resources */,
				48BAE2D12AED390500AB3D8F /* Assets.xcassets in Resources */,
			);
			runOnlyForDeploymentPostprocessing = 0;
		};
		48BAE2D72AED390500AB3D8F /* Resources */ = {
			isa = PBXResourcesBuildPhase;
			buildActionMask = 2147483647;
			files = (
			);
			runOnlyForDeploymentPostprocessing = 0;
		};
		48BAE2E12AED390500AB3D8F /* Resources */ = {
			isa = PBXResourcesBuildPhase;
			buildActionMask = 2147483647;
			files = (
			);
			runOnlyForDeploymentPostprocessing = 0;
		};
/* End PBXResourcesBuildPhase section */

/* Begin PBXSourcesBuildPhase section */
		48BAE2C52AED390400AB3D8F /* Sources */ = {
			isa = PBXSourcesBuildPhase;
			buildActionMask = 2147483647;
			files = (
				48BAE2CF2AED390400AB3D8F /* ContentView.swift in Sources */,
				483817872AED41F100A1EADB /* Image+Default.swift in Sources */,
				483817852AED3F6500A1EADB /* Color+Default.swift in Sources */,
				4838178C2AED449200A1EADB /* OnboardingView.swift in Sources */,
				48BAE2CD2AED390400AB3D8F /* AssetInApp.swift in Sources */,
			);
			runOnlyForDeploymentPostprocessing = 0;
		};
		48BAE2D52AED390500AB3D8F /* Sources */ = {
			isa = PBXSourcesBuildPhase;
			buildActionMask = 2147483647;
			files = (
				48BAE2DE2AED390500AB3D8F /* AssetInTests.swift in Sources */,
			);
			runOnlyForDeploymentPostprocessing = 0;
		};
		48BAE2DF2AED390500AB3D8F /* Sources */ = {
			isa = PBXSourcesBuildPhase;
			buildActionMask = 2147483647;
			files = (
				48BAE2EA2AED390500AB3D8F /* AssetInUITestsLaunchTests.swift in Sources */,
				48BAE2E82AED390500AB3D8F /* AssetInUITests.swift in Sources */,
			);
			runOnlyForDeploymentPostprocessing = 0;
		};
/* End PBXSourcesBuildPhase section */

/* Begin PBXTargetDependency section */
		48BAE2DB2AED390500AB3D8F /* PBXTargetDependency */ = {
			isa = PBXTargetDependency;
			target = 48BAE2C82AED390400AB3D8F /* AssetIn */;
			targetProxy = 48BAE2DA2AED390500AB3D8F /* PBXContainerItemProxy */;
		};
		48BAE2E52AED390500AB3D8F /* PBXTargetDependency */ = {
			isa = PBXTargetDependency;
			target = 48BAE2C82AED390400AB3D8F /* AssetIn */;
			targetProxy = 48BAE2E42AED390500AB3D8F /* PBXContainerItemProxy */;
		};
/* End PBXTargetDependency section */

/* Begin XCBuildConfiguration section */
		48BAE2EB2AED390500AB3D8F /* Debug */ = {
			isa = XCBuildConfiguration;
			buildSettings = {
				ALWAYS_SEARCH_USER_PATHS = NO;
				ASSETCATALOG_COMPILER_GENERATE_SWIFT_ASSET_SYMBOL_EXTENSIONS = YES;
				CLANG_ANALYZER_NONNULL = YES;
				CLANG_ANALYZER_NUMBER_OBJECT_CONVERSION = YES_AGGRESSIVE;
				CLANG_CXX_LANGUAGE_STANDARD = "gnu++20";
				CLANG_ENABLE_MODULES = YES;
				CLANG_ENABLE_OBJC_ARC = YES;
				CLANG_ENABLE_OBJC_WEAK = YES;
				CLANG_WARN_BLOCK_CAPTURE_AUTORELEASING = YES;
				CLANG_WARN_BOOL_CONVERSION = YES;
				CLANG_WARN_COMMA = YES;
				CLANG_WARN_CONSTANT_CONVERSION = YES;
				CLANG_WARN_DEPRECATED_OBJC_IMPLEMENTATIONS = YES;
				CLANG_WARN_DIRECT_OBJC_ISA_USAGE = YES_ERROR;
				CLANG_WARN_DOCUMENTATION_COMMENTS = YES;
				CLANG_WARN_EMPTY_BODY = YES;
				CLANG_WARN_ENUM_CONVERSION = YES;
				CLANG_WARN_INFINITE_RECURSION = YES;
				CLANG_WARN_INT_CONVERSION = YES;
				CLANG_WARN_NON_LITERAL_NULL_CONVERSION = YES;
				CLANG_WARN_OBJC_IMPLICIT_RETAIN_SELF = YES;
				CLANG_WARN_OBJC_LITERAL_CONVERSION = YES;
				CLANG_WARN_OBJC_ROOT_CLASS = YES_ERROR;
				CLANG_WARN_QUOTED_INCLUDE_IN_FRAMEWORK_HEADER = YES;
				CLANG_WARN_RANGE_LOOP_ANALYSIS = YES;
				CLANG_WARN_STRICT_PROTOTYPES = YES;
				CLANG_WARN_SUSPICIOUS_MOVE = YES;
				CLANG_WARN_UNGUARDED_AVAILABILITY = YES_AGGRESSIVE;
				CLANG_WARN_UNREACHABLE_CODE = YES;
				CLANG_WARN__DUPLICATE_METHOD_MATCH = YES;
				COPY_PHASE_STRIP = NO;
				DEBUG_INFORMATION_FORMAT = dwarf;
				ENABLE_STRICT_OBJC_MSGSEND = YES;
				ENABLE_TESTABILITY = YES;
				ENABLE_USER_SCRIPT_SANDBOXING = YES;
				GCC_C_LANGUAGE_STANDARD = gnu17;
				GCC_DYNAMIC_NO_PIC = NO;
				GCC_NO_COMMON_BLOCKS = YES;
				GCC_OPTIMIZATION_LEVEL = 0;
				GCC_PREPROCESSOR_DEFINITIONS = (
					"DEBUG=1",
					"$(inherited)",
				);
				GCC_WARN_64_TO_32_BIT_CONVERSION = YES;
				GCC_WARN_ABOUT_RETURN_TYPE = YES_ERROR;
				GCC_WARN_UNDECLARED_SELECTOR = YES;
				GCC_WARN_UNINITIALIZED_AUTOS = YES_AGGRESSIVE;
				GCC_WARN_UNUSED_FUNCTION = YES;
				GCC_WARN_UNUSED_VARIABLE = YES;
				IPHONEOS_DEPLOYMENT_TARGET = 17.0;
				LOCALIZATION_PREFERS_STRING_CATALOGS = YES;
				MTL_ENABLE_DEBUG_INFO = INCLUDE_SOURCE;
				MTL_FAST_MATH = YES;
				ONLY_ACTIVE_ARCH = YES;
				SDKROOT = iphoneos;
				SWIFT_ACTIVE_COMPILATION_CONDITIONS = "DEBUG $(inherited)";
				SWIFT_OPTIMIZATION_LEVEL = "-Onone";
			};
			name = Debug;
		};
		48BAE2EC2AED390500AB3D8F /* Release */ = {
			isa = XCBuildConfiguration;
			buildSettings = {
				ALWAYS_SEARCH_USER_PATHS = NO;
				ASSETCATALOG_COMPILER_GENERATE_SWIFT_ASSET_SYMBOL_EXTENSIONS = YES;
				CLANG_ANALYZER_NONNULL = YES;
				CLANG_ANALYZER_NUMBER_OBJECT_CONVERSION = YES_AGGRESSIVE;
				CLANG_CXX_LANGUAGE_STANDARD = "gnu++20";
				CLANG_ENABLE_MODULES = YES;
				CLANG_ENABLE_OBJC_ARC = YES;
				CLANG_ENABLE_OBJC_WEAK = YES;
				CLANG_WARN_BLOCK_CAPTURE_AUTORELEASING = YES;
				CLANG_WARN_BOOL_CONVERSION = YES;
				CLANG_WARN_COMMA = YES;
				CLANG_WARN_CONSTANT_CONVERSION = YES;
				CLANG_WARN_DEPRECATED_OBJC_IMPLEMENTATIONS = YES;
				CLANG_WARN_DIRECT_OBJC_ISA_USAGE = YES_ERROR;
				CLANG_WARN_DOCUMENTATION_COMMENTS = YES;
				CLANG_WARN_EMPTY_BODY = YES;
				CLANG_WARN_ENUM_CONVERSION = YES;
				CLANG_WARN_INFINITE_RECURSION = YES;
				CLANG_WARN_INT_CONVERSION = YES;
				CLANG_WARN_NON_LITERAL_NULL_CONVERSION = YES;
				CLANG_WARN_OBJC_IMPLICIT_RETAIN_SELF = YES;
				CLANG_WARN_OBJC_LITERAL_CONVERSION = YES;
				CLANG_WARN_OBJC_ROOT_CLASS = YES_ERROR;
				CLANG_WARN_QUOTED_INCLUDE_IN_FRAMEWORK_HEADER = YES;
				CLANG_WARN_RANGE_LOOP_ANALYSIS = YES;
				CLANG_WARN_STRICT_PROTOTYPES = YES;
				CLANG_WARN_SUSPICIOUS_MOVE = YES;
				CLANG_WARN_UNGUARDED_AVAILABILITY = YES_AGGRESSIVE;
				CLANG_WARN_UNREACHABLE_CODE = YES;
				CLANG_WARN__DUPLICATE_METHOD_MATCH = YES;
				COPY_PHASE_STRIP = NO;
				DEBUG_INFORMATION_FORMAT = "dwarf-with-dsym";
				ENABLE_NS_ASSERTIONS = NO;
				ENABLE_STRICT_OBJC_MSGSEND = YES;
				ENABLE_USER_SCRIPT_SANDBOXING = YES;
				GCC_C_LANGUAGE_STANDARD = gnu17;
				GCC_NO_COMMON_BLOCKS = YES;
				GCC_WARN_64_TO_32_BIT_CONVERSION = YES;
				GCC_WARN_ABOUT_RETURN_TYPE = YES_ERROR;
				GCC_WARN_UNDECLARED_SELECTOR = YES;
				GCC_WARN_UNINITIALIZED_AUTOS = YES_AGGRESSIVE;
				GCC_WARN_UNUSED_FUNCTION = YES;
				GCC_WARN_UNUSED_VARIABLE = YES;
				IPHONEOS_DEPLOYMENT_TARGET = 17.0;
				LOCALIZATION_PREFERS_STRING_CATALOGS = YES;
				MTL_ENABLE_DEBUG_INFO = NO;
				MTL_FAST_MATH = YES;
				SDKROOT = iphoneos;
				SWIFT_COMPILATION_MODE = wholemodule;
				VALIDATE_PRODUCT = YES;
			};
			name = Release;
		};
		48BAE2EE2AED390500AB3D8F /* Debug */ = {
			isa = XCBuildConfiguration;
			buildSettings = {
				ASSETCATALOG_COMPILER_APPICON_NAME = AppIcon;
				ASSETCATALOG_COMPILER_GLOBAL_ACCENT_COLOR_NAME = AccentColor;
				CODE_SIGN_STYLE = Automatic;
				CURRENT_PROJECT_VERSION = 1;
				DEVELOPMENT_ASSET_PATHS = "\"AssetIn/Preview Content\"";
				DEVELOPMENT_TEAM = CYNQH7WY8M;
				ENABLE_PREVIEWS = YES;
				GENERATE_INFOPLIST_FILE = YES;
				INFOPLIST_FILE = AssetIn/Info.plist;
				INFOPLIST_KEY_UIApplicationSceneManifest_Generation = YES;
				INFOPLIST_KEY_UIApplicationSupportsIndirectInputEvents = YES;
				INFOPLIST_KEY_UILaunchScreen_Generation = YES;
				INFOPLIST_KEY_UISupportedInterfaceOrientations_iPad = "UIInterfaceOrientationPortrait UIInterfaceOrientationPortraitUpsideDown UIInterfaceOrientationLandscapeLeft UIInterfaceOrientationLandscapeRight";
				INFOPLIST_KEY_UISupportedInterfaceOrientations_iPhone = "UIInterfaceOrientationPortrait UIInterfaceOrientationLandscapeLeft UIInterfaceOrientationLandscapeRight";
				INFOPLIST_KEY_UIUserInterfaceStyle = Light;
				IPHONEOS_DEPLOYMENT_TARGET = 16.0;
				LD_RUNPATH_SEARCH_PATHS = (
					"$(inherited)",
					"@executable_path/Frameworks",
				);
				MARKETING_VERSION = 1.0;
				PRODUCT_BUNDLE_IDENTIFIER = com.hygeasa.AssetIn;
				PRODUCT_NAME = "$(TARGET_NAME)";
				SWIFT_EMIT_LOC_STRINGS = YES;
				SWIFT_VERSION = 5.0;
				TARGETED_DEVICE_FAMILY = "1,2";
			};
			name = Debug;
		};
		48BAE2EF2AED390500AB3D8F /* Release */ = {
			isa = XCBuildConfiguration;
			buildSettings = {
				ASSETCATALOG_COMPILER_APPICON_NAME = AppIcon;
				ASSETCATALOG_COMPILER_GLOBAL_ACCENT_COLOR_NAME = AccentColor;
				CODE_SIGN_STYLE = Automatic;
				CURRENT_PROJECT_VERSION = 1;
				DEVELOPMENT_ASSET_PATHS = "\"AssetIn/Preview Content\"";
				DEVELOPMENT_TEAM = CYNQH7WY8M;
				ENABLE_PREVIEWS = YES;
				GENERATE_INFOPLIST_FILE = YES;
				INFOPLIST_FILE = AssetIn/Info.plist;
				INFOPLIST_KEY_UIApplicationSceneManifest_Generation = YES;
				INFOPLIST_KEY_UIApplicationSupportsIndirectInputEvents = YES;
				INFOPLIST_KEY_UILaunchScreen_Generation = YES;
				INFOPLIST_KEY_UISupportedInterfaceOrientations_iPad = "UIInterfaceOrientationPortrait UIInterfaceOrientationPortraitUpsideDown UIInterfaceOrientationLandscapeLeft UIInterfaceOrientationLandscapeRight";
				INFOPLIST_KEY_UISupportedInterfaceOrientations_iPhone = "UIInterfaceOrientationPortrait UIInterfaceOrientationLandscapeLeft UIInterfaceOrientationLandscapeRight";
				INFOPLIST_KEY_UIUserInterfaceStyle = Light;
				IPHONEOS_DEPLOYMENT_TARGET = 16.0;
				LD_RUNPATH_SEARCH_PATHS = (
					"$(inherited)",
					"@executable_path/Frameworks",
				);
				MARKETING_VERSION = 1.0;
				PRODUCT_BUNDLE_IDENTIFIER = com.hygeasa.AssetIn;
				PRODUCT_NAME = "$(TARGET_NAME)";
				SWIFT_EMIT_LOC_STRINGS = YES;
				SWIFT_VERSION = 5.0;
				TARGETED_DEVICE_FAMILY = "1,2";
			};
			name = Release;
		};
		48BAE2F12AED390500AB3D8F /* Debug */ = {
			isa = XCBuildConfiguration;
			buildSettings = {
				ALWAYS_EMBED_SWIFT_STANDARD_LIBRARIES = YES;
				BUNDLE_LOADER = "$(TEST_HOST)";
				CODE_SIGN_STYLE = Automatic;
				CURRENT_PROJECT_VERSION = 1;
				DEVELOPMENT_TEAM = CYNQH7WY8M;
				GENERATE_INFOPLIST_FILE = YES;
				IPHONEOS_DEPLOYMENT_TARGET = 17.0;
				MARKETING_VERSION = 1.0;
				PRODUCT_BUNDLE_IDENTIFIER = com.hygeasa.AssetInTests;
				PRODUCT_NAME = "$(TARGET_NAME)";
				SWIFT_EMIT_LOC_STRINGS = NO;
				SWIFT_VERSION = 5.0;
				TARGETED_DEVICE_FAMILY = "1,2";
				TEST_HOST = "$(BUILT_PRODUCTS_DIR)/AssetIn.app/$(BUNDLE_EXECUTABLE_FOLDER_PATH)/AssetIn";
			};
			name = Debug;
		};
		48BAE2F22AED390500AB3D8F /* Release */ = {
			isa = XCBuildConfiguration;
			buildSettings = {
				ALWAYS_EMBED_SWIFT_STANDARD_LIBRARIES = YES;
				BUNDLE_LOADER = "$(TEST_HOST)";
				CODE_SIGN_STYLE = Automatic;
				CURRENT_PROJECT_VERSION = 1;
				DEVELOPMENT_TEAM = CYNQH7WY8M;
				GENERATE_INFOPLIST_FILE = YES;
				IPHONEOS_DEPLOYMENT_TARGET = 17.0;
				MARKETING_VERSION = 1.0;
				PRODUCT_BUNDLE_IDENTIFIER = com.hygeasa.AssetInTests;
				PRODUCT_NAME = "$(TARGET_NAME)";
				SWIFT_EMIT_LOC_STRINGS = NO;
				SWIFT_VERSION = 5.0;
				TARGETED_DEVICE_FAMILY = "1,2";
				TEST_HOST = "$(BUILT_PRODUCTS_DIR)/AssetIn.app/$(BUNDLE_EXECUTABLE_FOLDER_PATH)/AssetIn";
			};
			name = Release;
		};
		48BAE2F42AED390500AB3D8F /* Debug */ = {
			isa = XCBuildConfiguration;
			buildSettings = {
				ALWAYS_EMBED_SWIFT_STANDARD_LIBRARIES = YES;
				CODE_SIGN_STYLE = Automatic;
				CURRENT_PROJECT_VERSION = 1;
				DEVELOPMENT_TEAM = CYNQH7WY8M;
				GENERATE_INFOPLIST_FILE = YES;
				MARKETING_VERSION = 1.0;
				PRODUCT_BUNDLE_IDENTIFIER = com.hygeasa.AssetInUITests;
				PRODUCT_NAME = "$(TARGET_NAME)";
				SWIFT_EMIT_LOC_STRINGS = NO;
				SWIFT_VERSION = 5.0;
				TARGETED_DEVICE_FAMILY = "1,2";
				TEST_TARGET_NAME = AssetIn;
			};
			name = Debug;
		};
		48BAE2F52AED390500AB3D8F /* Release */ = {
			isa = XCBuildConfiguration;
			buildSettings = {
				ALWAYS_EMBED_SWIFT_STANDARD_LIBRARIES = YES;
				CODE_SIGN_STYLE = Automatic;
				CURRENT_PROJECT_VERSION = 1;
				DEVELOPMENT_TEAM = CYNQH7WY8M;
				GENERATE_INFOPLIST_FILE = YES;
				MARKETING_VERSION = 1.0;
				PRODUCT_BUNDLE_IDENTIFIER = com.hygeasa.AssetInUITests;
				PRODUCT_NAME = "$(TARGET_NAME)";
				SWIFT_EMIT_LOC_STRINGS = NO;
				SWIFT_VERSION = 5.0;
				TARGETED_DEVICE_FAMILY = "1,2";
				TEST_TARGET_NAME = AssetIn;
			};
			name = Release;
		};
/* End XCBuildConfiguration section */

/* Begin XCConfigurationList section */
		48BAE2C42AED390400AB3D8F /* Build configuration list for PBXProject "AssetIn" */ = {
			isa = XCConfigurationList;
			buildConfigurations = (
				48BAE2EB2AED390500AB3D8F /* Debug */,
				48BAE2EC2AED390500AB3D8F /* Release */,
			);
			defaultConfigurationIsVisible = 0;
			defaultConfigurationName = Release;
		};
		48BAE2ED2AED390500AB3D8F /* Build configuration list for PBXNativeTarget "AssetIn" */ = {
			isa = XCConfigurationList;
			buildConfigurations = (
				48BAE2EE2AED390500AB3D8F /* Debug */,
				48BAE2EF2AED390500AB3D8F /* Release */,
			);
			defaultConfigurationIsVisible = 0;
			defaultConfigurationName = Release;
		};
		48BAE2F02AED390500AB3D8F /* Build configuration list for PBXNativeTarget "AssetInTests" */ = {
			isa = XCConfigurationList;
			buildConfigurations = (
				48BAE2F12AED390500AB3D8F /* Debug */,
				48BAE2F22AED390500AB3D8F /* Release */,
			);
			defaultConfigurationIsVisible = 0;
			defaultConfigurationName = Release;
		};
		48BAE2F32AED390500AB3D8F /* Build configuration list for PBXNativeTarget "AssetInUITests" */ = {
			isa = XCConfigurationList;
			buildConfigurations = (
				48BAE2F42AED390500AB3D8F /* Debug */,
				48BAE2F52AED390500AB3D8F /* Release */,
			);
			defaultConfigurationIsVisible = 0;
			defaultConfigurationName = Release;
		};
/* End XCConfigurationList section */
	};
	rootObject = 48BAE2C12AED390400AB3D8F /* Project object */;
}
