// !$*UTF8*$!
{
	archiveVersion = 1;
	classes = {
	};
	objectVersion = 56;
	objects = {

/* Begin PBXBuildFile section */
		483817852AED3F6500A1EADB /* Color+Default.swift in Sources */ = {isa = PBXBuildFile; fileRef = 483817842AED3F6500A1EADB /* Color+Default.swift */; };
		483817872AED41F100A1EADB /* Image+Default.swift in Sources */ = {isa = PBXBuildFile; fileRef = 483817862AED41F100A1EADB /* Image+Default.swift */; };
		483817912AED555800A1EADB /* OnboardingView.swift in Sources */ = {isa = PBXBuildFile; fileRef = 483817902AED555800A1EADB /* OnboardingView.swift */; };
		483817952AED580B00A1EADB /* LoginView.swift in Sources */ = {isa = PBXBuildFile; fileRef = 483817942AED580B00A1EADB /* LoginView.swift */; };
		483817982AED5D2E00A1EADB /* LoginViewModel.swift in Sources */ = {isa = PBXBuildFile; fileRef = 483817972AED5D2E00A1EADB /* LoginViewModel.swift */; };
		4838179B2AED690C00A1EADB /* AppNavigator.swift in Sources */ = {isa = PBXBuildFile; fileRef = 4838179A2AED690C00A1EADB /* AppNavigator.swift */; };
		484A09472B31E274006E1D66 /* Encodable+toJSON.swift in Sources */ = {isa = PBXBuildFile; fileRef = 484A09462B31E274006E1D66 /* Encodable+toJSON.swift */; };
		484A09492B31E29F006E1D66 /* User.swift in Sources */ = {isa = PBXBuildFile; fileRef = 484A09482B31E29F006E1D66 /* User.swift */; };
		484A094B2B31EFF8006E1D66 /* Category.swift in Sources */ = {isa = PBXBuildFile; fileRef = 484A094A2B31EFF8006E1D66 /* Category.swift */; };
		484A09512B3241FB006E1D66 /* SafariWebView.swift in Sources */ = {isa = PBXBuildFile; fileRef = 484A09502B3241FB006E1D66 /* SafariWebView.swift */; };
		484A09532B324B5A006E1D66 /* Date+toString.swift in Sources */ = {isa = PBXBuildFile; fileRef = 484A09522B324B5A006E1D66 /* Date+toString.swift */; };
		484D30342B2A1B5C002B3880 /* Inventory.swift in Sources */ = {isa = PBXBuildFile; fileRef = 484D30332B2A1B5C002B3880 /* Inventory.swift */; };
		4852FA962B189CE100FAAD3B /* MainView.swift in Sources */ = {isa = PBXBuildFile; fileRef = 4852FA952B189CE100FAAD3B /* MainView.swift */; };
		48BAE2CD2AED390400AB3D8F /* AssetInApp.swift in Sources */ = {isa = PBXBuildFile; fileRef = 48BAE2CC2AED390400AB3D8F /* AssetInApp.swift */; };
		48BAE2CF2AED390400AB3D8F /* ContentView.swift in Sources */ = {isa = PBXBuildFile; fileRef = 48BAE2CE2AED390400AB3D8F /* ContentView.swift */; };
		48BAE2D12AED390500AB3D8F /* Assets.xcassets in Resources */ = {isa = PBXBuildFile; fileRef = 48BAE2D02AED390500AB3D8F /* Assets.xcassets */; };
		48BAE2D42AED390500AB3D8F /* Preview Assets.xcassets in Resources */ = {isa = PBXBuildFile; fileRef = 48BAE2D32AED390500AB3D8F /* Preview Assets.xcassets */; };
		48BAE2DE2AED390500AB3D8F /* AssetInTests.swift in Sources */ = {isa = PBXBuildFile; fileRef = 48BAE2DD2AED390500AB3D8F /* AssetInTests.swift */; };
		48BAE2E82AED390500AB3D8F /* AssetInUITests.swift in Sources */ = {isa = PBXBuildFile; fileRef = 48BAE2E72AED390500AB3D8F /* AssetInUITests.swift */; };
		48BAE2EA2AED390500AB3D8F /* AssetInUITestsLaunchTests.swift in Sources */ = {isa = PBXBuildFile; fileRef = 48BAE2E92AED390500AB3D8F /* AssetInUITestsLaunchTests.swift */; };
		4BC22B682BD3DC1800F03C4A /* CombineMoya in Frameworks */ = {isa = PBXBuildFile; productRef = 4BC22B672BD3DC1800F03C4A /* CombineMoya */; };
		4BC22B6A2BD3DC1800F03C4A /* Moya in Frameworks */ = {isa = PBXBuildFile; productRef = 4BC22B692BD3DC1800F03C4A /* Moya */; };
		4BC22B6C2BD3DC1800F03C4A /* ReactiveMoya in Frameworks */ = {isa = PBXBuildFile; productRef = 4BC22B6B2BD3DC1800F03C4A /* ReactiveMoya */; };
		4BC22B6E2BD3DC1800F03C4A /* RxMoya in Frameworks */ = {isa = PBXBuildFile; productRef = 4BC22B6D2BD3DC1800F03C4A /* RxMoya */; };
		4BC22B712BD3DC3400F03C4A /* MoyaProvider+DefaultProvider.swift in Sources */ = {isa = PBXBuildFile; fileRef = 4BC22B6F2BD3DC3400F03C4A /* MoyaProvider+DefaultProvider.swift */; };
		4BC22B722BD3DC3400F03C4A /* MoyaProvider+RequestAsync.swift in Sources */ = {isa = PBXBuildFile; fileRef = 4BC22B702BD3DC3400F03C4A /* MoyaProvider+RequestAsync.swift */; };
		4BC22B752BD3DCFD00F03C4A /* SystemSettings.swift in Sources */ = {isa = PBXBuildFile; fileRef = 4BC22B742BD3DCFD00F03C4A /* SystemSettings.swift */; };
		4BC22B7A2BD3DEC800F03C4A /* OptionalBool+orFalse.swift in Sources */ = {isa = PBXBuildFile; fileRef = 4BC22B762BD3DEC800F03C4A /* OptionalBool+orFalse.swift */; };
		4BC22B7B2BD3DEC800F03C4A /* OptionalDouble+orZero.swift in Sources */ = {isa = PBXBuildFile; fileRef = 4BC22B772BD3DEC800F03C4A /* OptionalDouble+orZero.swift */; };
		4BC22B7C2BD3DEC800F03C4A /* OptionalString+orEmpty.swift in Sources */ = {isa = PBXBuildFile; fileRef = 4BC22B782BD3DEC800F03C4A /* OptionalString+orEmpty.swift */; };
		4BC22B7D2BD3DEC800F03C4A /* OptionalInt+orZero.swift in Sources */ = {isa = PBXBuildFile; fileRef = 4BC22B792BD3DEC800F03C4A /* OptionalInt+orZero.swift */; };
		4BC22B822BD3DFF200F03C4A /* DefaultTargetType.swift in Sources */ = {isa = PBXBuildFile; fileRef = 4BC22B812BD3DFF200F03C4A /* DefaultTargetType.swift */; };
		4BC22B872BD3E1C900F03C4A /* AuthRemoteDataSource.swift in Sources */ = {isa = PBXBuildFile; fileRef = 4BC22B862BD3E1C900F03C4A /* AuthRemoteDataSource.swift */; };
		4BC22B892BD3E3D100F03C4A /* DefaultResponse.swift in Sources */ = {isa = PBXBuildFile; fileRef = 4BC22B882BD3E3D100F03C4A /* DefaultResponse.swift */; };
		4BC22B8B2BD3E8DC00F03C4A /* AuthTargetType.swift in Sources */ = {isa = PBXBuildFile; fileRef = 4BC22B8A2BD3E8DC00F03C4A /* AuthTargetType.swift */; };
		4BC22B8F2BD3F6F900F03C4A /* AuthRepository.swift in Sources */ = {isa = PBXBuildFile; fileRef = 4BC22B8E2BD3F6F900F03C4A /* AuthRepository.swift */; };
		4BC22B912BD3FDE500F03C4A /* Announcement.swift in Sources */ = {isa = PBXBuildFile; fileRef = 4BC22B902BD3FDE500F03C4A /* Announcement.swift */; };
		4BC22B932BD3FF3F00F03C4A /* Loan.swift in Sources */ = {isa = PBXBuildFile; fileRef = 4BC22B922BD3FF3F00F03C4A /* Loan.swift */; };
		4BC22B952BD4169A00F03C4A /* URL+imagePath.swift in Sources */ = {isa = PBXBuildFile; fileRef = 4BC22B942BD4169A00F03C4A /* URL+imagePath.swift */; };
		4BC22B9A2BD4180500F03C4A /* HeaderView.swift in Sources */ = {isa = PBXBuildFile; fileRef = 4BC22B992BD4180500F03C4A /* HeaderView.swift */; };
		4BC22B9C2BD4185E00F03C4A /* View+cornerRadius.swift in Sources */ = {isa = PBXBuildFile; fileRef = 4BC22B9B2BD4185E00F03C4A /* View+cornerRadius.swift */; };
		4BC22BA02BD41AFC00F03C4A /* AnnouncementTargetType.swift in Sources */ = {isa = PBXBuildFile; fileRef = 4BC22B9F2BD41AFC00F03C4A /* AnnouncementTargetType.swift */; };
		4BC22BA22BD41D4E00F03C4A /* AnnouncementRemoteDataSource.swift in Sources */ = {isa = PBXBuildFile; fileRef = 4BC22BA12BD41D4E00F03C4A /* AnnouncementRemoteDataSource.swift */; };
		4BC22BA42BD41F2B00F03C4A /* AnnouncementRepository.swift in Sources */ = {isa = PBXBuildFile; fileRef = 4BC22BA32BD41F2B00F03C4A /* AnnouncementRepository.swift */; };
		4BC22BA62BD4209400F03C4A /* HomeViewModel.swift in Sources */ = {isa = PBXBuildFile; fileRef = 4BC22BA52BD4209400F03C4A /* HomeViewModel.swift */; };
		4BC22BA82BD421B100F03C4A /* HomeView.swift in Sources */ = {isa = PBXBuildFile; fileRef = 4BC22BA72BD421B100F03C4A /* HomeView.swift */; };
		4BC22BAC2BD570D200F03C4A /* LoanTargetType.swift in Sources */ = {isa = PBXBuildFile; fileRef = 4BC22BAB2BD570D200F03C4A /* LoanTargetType.swift */; };
		4BC22BAE2BD5756300F03C4A /* LoanRemoteDataSource.swift in Sources */ = {isa = PBXBuildFile; fileRef = 4BC22BAD2BD5756300F03C4A /* LoanRemoteDataSource.swift */; };
		4BC22BB02BD5765E00F03C4A /* LoanRepository.swift in Sources */ = {isa = PBXBuildFile; fileRef = 4BC22BAF2BD5765E00F03C4A /* LoanRepository.swift */; };
		4BC22BB22BD57DFB00F03C4A /* String+dateDisplay.swift in Sources */ = {isa = PBXBuildFile; fileRef = 4BC22BB12BD57DFB00F03C4A /* String+dateDisplay.swift */; };
		4BDEA3982B35A59A00BFED9E /* Sequence+unique.swift in Sources */ = {isa = PBXBuildFile; fileRef = 4BDEA3972B35A59A00BFED9E /* Sequence+unique.swift */; };
/* End PBXBuildFile section */

/* Begin PBXContainerItemProxy section */
		48BAE2DA2AED390500AB3D8F /* PBXContainerItemProxy */ = {
			isa = PBXContainerItemProxy;
			containerPortal = 48BAE2C12AED390400AB3D8F /* Project object */;
			proxyType = 1;
			remoteGlobalIDString = 48BAE2C82AED390400AB3D8F;
			remoteInfo = AssetIn;
		};
		48BAE2E42AED390500AB3D8F /* PBXContainerItemProxy */ = {
			isa = PBXContainerItemProxy;
			containerPortal = 48BAE2C12AED390400AB3D8F /* Project object */;
			proxyType = 1;
			remoteGlobalIDString = 48BAE2C82AED390400AB3D8F;
			remoteInfo = AssetIn;
		};
/* End PBXContainerItemProxy section */

/* Begin PBXFileReference section */
		483817842AED3F6500A1EADB /* Color+Default.swift */ = {isa = PBXFileReference; lastKnownFileType = sourcecode.swift; path = "Color+Default.swift"; sourceTree = "<group>"; };
		483817862AED41F100A1EADB /* Image+Default.swift */ = {isa = PBXFileReference; lastKnownFileType = sourcecode.swift; path = "Image+Default.swift"; sourceTree = "<group>"; };
		4838178D2AED519500A1EADB /* Info.plist */ = {isa = PBXFileReference; lastKnownFileType = text.plist; path = Info.plist; sourceTree = "<group>"; };
		483817902AED555800A1EADB /* OnboardingView.swift */ = {isa = PBXFileReference; lastKnownFileType = sourcecode.swift; path = OnboardingView.swift; sourceTree = "<group>"; };
		483817942AED580B00A1EADB /* LoginView.swift */ = {isa = PBXFileReference; lastKnownFileType = sourcecode.swift; path = LoginView.swift; sourceTree = "<group>"; };
		483817972AED5D2E00A1EADB /* LoginViewModel.swift */ = {isa = PBXFileReference; lastKnownFileType = sourcecode.swift; path = LoginViewModel.swift; sourceTree = "<group>"; };
		4838179A2AED690C00A1EADB /* AppNavigator.swift */ = {isa = PBXFileReference; lastKnownFileType = sourcecode.swift; path = AppNavigator.swift; sourceTree = "<group>"; };
		484A09462B31E274006E1D66 /* Encodable+toJSON.swift */ = {isa = PBXFileReference; lastKnownFileType = sourcecode.swift; path = "Encodable+toJSON.swift"; sourceTree = "<group>"; };
		484A09482B31E29F006E1D66 /* User.swift */ = {isa = PBXFileReference; lastKnownFileType = sourcecode.swift; path = User.swift; sourceTree = "<group>"; };
		484A094A2B31EFF8006E1D66 /* Category.swift */ = {isa = PBXFileReference; lastKnownFileType = sourcecode.swift; path = Category.swift; sourceTree = "<group>"; };
		484A09502B3241FB006E1D66 /* SafariWebView.swift */ = {isa = PBXFileReference; lastKnownFileType = sourcecode.swift; path = SafariWebView.swift; sourceTree = "<group>"; };
		484A09522B324B5A006E1D66 /* Date+toString.swift */ = {isa = PBXFileReference; lastKnownFileType = sourcecode.swift; path = "Date+toString.swift"; sourceTree = "<group>"; };
		484D30332B2A1B5C002B3880 /* Inventory.swift */ = {isa = PBXFileReference; lastKnownFileType = sourcecode.swift; path = Inventory.swift; sourceTree = "<group>"; };
		4852FA952B189CE100FAAD3B /* MainView.swift */ = {isa = PBXFileReference; lastKnownFileType = sourcecode.swift; path = MainView.swift; sourceTree = "<group>"; };
		48BAE2C92AED390400AB3D8F /* AssetIn.app */ = {isa = PBXFileReference; explicitFileType = wrapper.application; includeInIndex = 0; path = AssetIn.app; sourceTree = BUILT_PRODUCTS_DIR; };
		48BAE2CC2AED390400AB3D8F /* AssetInApp.swift */ = {isa = PBXFileReference; lastKnownFileType = sourcecode.swift; path = AssetInApp.swift; sourceTree = "<group>"; };
		48BAE2CE2AED390400AB3D8F /* ContentView.swift */ = {isa = PBXFileReference; lastKnownFileType = sourcecode.swift; path = ContentView.swift; sourceTree = "<group>"; };
		48BAE2D02AED390500AB3D8F /* Assets.xcassets */ = {isa = PBXFileReference; lastKnownFileType = folder.assetcatalog; path = Assets.xcassets; sourceTree = "<group>"; };
		48BAE2D32AED390500AB3D8F /* Preview Assets.xcassets */ = {isa = PBXFileReference; lastKnownFileType = folder.assetcatalog; path = "Preview Assets.xcassets"; sourceTree = "<group>"; };
		48BAE2D92AED390500AB3D8F /* AssetInTests.xctest */ = {isa = PBXFileReference; explicitFileType = wrapper.cfbundle; includeInIndex = 0; path = AssetInTests.xctest; sourceTree = BUILT_PRODUCTS_DIR; };
		48BAE2DD2AED390500AB3D8F /* AssetInTests.swift */ = {isa = PBXFileReference; lastKnownFileType = sourcecode.swift; path = AssetInTests.swift; sourceTree = "<group>"; };
		48BAE2E32AED390500AB3D8F /* AssetInUITests.xctest */ = {isa = PBXFileReference; explicitFileType = wrapper.cfbundle; includeInIndex = 0; path = AssetInUITests.xctest; sourceTree = BUILT_PRODUCTS_DIR; };
		48BAE2E72AED390500AB3D8F /* AssetInUITests.swift */ = {isa = PBXFileReference; lastKnownFileType = sourcecode.swift; path = AssetInUITests.swift; sourceTree = "<group>"; };
		48BAE2E92AED390500AB3D8F /* AssetInUITestsLaunchTests.swift */ = {isa = PBXFileReference; lastKnownFileType = sourcecode.swift; path = AssetInUITestsLaunchTests.swift; sourceTree = "<group>"; };
		4BC22B6F2BD3DC3400F03C4A /* MoyaProvider+DefaultProvider.swift */ = {isa = PBXFileReference; fileEncoding = 4; lastKnownFileType = sourcecode.swift; path = "MoyaProvider+DefaultProvider.swift"; sourceTree = "<group>"; };
		4BC22B702BD3DC3400F03C4A /* MoyaProvider+RequestAsync.swift */ = {isa = PBXFileReference; fileEncoding = 4; lastKnownFileType = sourcecode.swift; path = "MoyaProvider+RequestAsync.swift"; sourceTree = "<group>"; };
		4BC22B742BD3DCFD00F03C4A /* SystemSettings.swift */ = {isa = PBXFileReference; lastKnownFileType = sourcecode.swift; path = SystemSettings.swift; sourceTree = "<group>"; };
		4BC22B762BD3DEC800F03C4A /* OptionalBool+orFalse.swift */ = {isa = PBXFileReference; fileEncoding = 4; lastKnownFileType = sourcecode.swift; path = "OptionalBool+orFalse.swift"; sourceTree = "<group>"; };
		4BC22B772BD3DEC800F03C4A /* OptionalDouble+orZero.swift */ = {isa = PBXFileReference; fileEncoding = 4; lastKnownFileType = sourcecode.swift; path = "OptionalDouble+orZero.swift"; sourceTree = "<group>"; };
		4BC22B782BD3DEC800F03C4A /* OptionalString+orEmpty.swift */ = {isa = PBXFileReference; fileEncoding = 4; lastKnownFileType = sourcecode.swift; path = "OptionalString+orEmpty.swift"; sourceTree = "<group>"; };
		4BC22B792BD3DEC800F03C4A /* OptionalInt+orZero.swift */ = {isa = PBXFileReference; fileEncoding = 4; lastKnownFileType = sourcecode.swift; path = "OptionalInt+orZero.swift"; sourceTree = "<group>"; };
		4BC22B812BD3DFF200F03C4A /* DefaultTargetType.swift */ = {isa = PBXFileReference; lastKnownFileType = sourcecode.swift; path = DefaultTargetType.swift; sourceTree = "<group>"; };
		4BC22B862BD3E1C900F03C4A /* AuthRemoteDataSource.swift */ = {isa = PBXFileReference; lastKnownFileType = sourcecode.swift; path = AuthRemoteDataSource.swift; sourceTree = "<group>"; };
		4BC22B882BD3E3D100F03C4A /* DefaultResponse.swift */ = {isa = PBXFileReference; fileEncoding = 4; lastKnownFileType = sourcecode.swift; path = DefaultResponse.swift; sourceTree = "<group>"; };
		4BC22B8A2BD3E8DC00F03C4A /* AuthTargetType.swift */ = {isa = PBXFileReference; lastKnownFileType = sourcecode.swift; path = AuthTargetType.swift; sourceTree = "<group>"; };
		4BC22B8E2BD3F6F900F03C4A /* AuthRepository.swift */ = {isa = PBXFileReference; lastKnownFileType = sourcecode.swift; path = AuthRepository.swift; sourceTree = "<group>"; };
		4BC22B902BD3FDE500F03C4A /* Announcement.swift */ = {isa = PBXFileReference; lastKnownFileType = sourcecode.swift; path = Announcement.swift; sourceTree = "<group>"; };
		4BC22B922BD3FF3F00F03C4A /* Loan.swift */ = {isa = PBXFileReference; lastKnownFileType = sourcecode.swift; path = Loan.swift; sourceTree = "<group>"; };
		4BC22B942BD4169A00F03C4A /* URL+imagePath.swift */ = {isa = PBXFileReference; lastKnownFileType = sourcecode.swift; path = "URL+imagePath.swift"; sourceTree = "<group>"; };
		4BC22B992BD4180500F03C4A /* HeaderView.swift */ = {isa = PBXFileReference; lastKnownFileType = sourcecode.swift; path = HeaderView.swift; sourceTree = "<group>"; };
		4BC22B9B2BD4185E00F03C4A /* View+cornerRadius.swift */ = {isa = PBXFileReference; lastKnownFileType = sourcecode.swift; path = "View+cornerRadius.swift"; sourceTree = "<group>"; };
		4BC22B9F2BD41AFC00F03C4A /* AnnouncementTargetType.swift */ = {isa = PBXFileReference; lastKnownFileType = sourcecode.swift; path = AnnouncementTargetType.swift; sourceTree = "<group>"; };
		4BC22BA12BD41D4E00F03C4A /* AnnouncementRemoteDataSource.swift */ = {isa = PBXFileReference; lastKnownFileType = sourcecode.swift; path = AnnouncementRemoteDataSource.swift; sourceTree = "<group>"; };
		4BC22BA32BD41F2B00F03C4A /* AnnouncementRepository.swift */ = {isa = PBXFileReference; lastKnownFileType = sourcecode.swift; path = AnnouncementRepository.swift; sourceTree = "<group>"; };
		4BC22BA52BD4209400F03C4A /* HomeViewModel.swift */ = {isa = PBXFileReference; lastKnownFileType = sourcecode.swift; name = HomeViewModel.swift; path = AssetIn/Common/Data/HomeViewModel.swift; sourceTree = SOURCE_ROOT; };
		4BC22BA72BD421B100F03C4A /* HomeView.swift */ = {isa = PBXFileReference; lastKnownFileType = sourcecode.swift; name = HomeView.swift; path = AssetIn/Common/Data/HomeView.swift; sourceTree = SOURCE_ROOT; };
		4BC22BAB2BD570D200F03C4A /* LoanTargetType.swift */ = {isa = PBXFileReference; lastKnownFileType = sourcecode.swift; path = LoanTargetType.swift; sourceTree = "<group>"; };
		4BC22BAD2BD5756300F03C4A /* LoanRemoteDataSource.swift */ = {isa = PBXFileReference; lastKnownFileType = sourcecode.swift; path = LoanRemoteDataSource.swift; sourceTree = "<group>"; };
		4BC22BAF2BD5765E00F03C4A /* LoanRepository.swift */ = {isa = PBXFileReference; lastKnownFileType = sourcecode.swift; path = LoanRepository.swift; sourceTree = "<group>"; };
		4BC22BB12BD57DFB00F03C4A /* String+dateDisplay.swift */ = {isa = PBXFileReference; lastKnownFileType = sourcecode.swift; path = "String+dateDisplay.swift"; sourceTree = "<group>"; };
		4BDEA3972B35A59A00BFED9E /* Sequence+unique.swift */ = {isa = PBXFileReference; lastKnownFileType = sourcecode.swift; path = "Sequence+unique.swift"; sourceTree = "<group>"; };
/* End PBXFileReference section */

/* Begin PBXFrameworksBuildPhase section */
		48BAE2C62AED390400AB3D8F /* Frameworks */ = {
			isa = PBXFrameworksBuildPhase;
			buildActionMask = 2147483647;
			files = (
				4BC22B6A2BD3DC1800F03C4A /* Moya in Frameworks */,
				4BC22B682BD3DC1800F03C4A /* CombineMoya in Frameworks */,
				4BC22B6E2BD3DC1800F03C4A /* RxMoya in Frameworks */,
				4BC22B6C2BD3DC1800F03C4A /* ReactiveMoya in Frameworks */,
			);
			runOnlyForDeploymentPostprocessing = 0;
		};
		48BAE2D62AED390500AB3D8F /* Frameworks */ = {
			isa = PBXFrameworksBuildPhase;
			buildActionMask = 2147483647;
			files = (
			);
			runOnlyForDeploymentPostprocessing = 0;
		};
		48BAE2E02AED390500AB3D8F /* Frameworks */ = {
			isa = PBXFrameworksBuildPhase;
			buildActionMask = 2147483647;
			files = (
			);
			runOnlyForDeploymentPostprocessing = 0;
		};
/* End PBXFrameworksBuildPhase section */

/* Begin PBXGroup section */
		4838178E2AED554100A1EADB /* Onboarding */ = {
			isa = PBXGroup;
			children = (
				4838178F2AED554E00A1EADB /* View */,
			);
			path = Onboarding;
			sourceTree = "<group>";
		};
		4838178F2AED554E00A1EADB /* View */ = {
			isa = PBXGroup;
			children = (
				483817902AED555800A1EADB /* OnboardingView.swift */,
			);
			path = View;
			sourceTree = "<group>";
		};
		483817922AED57C400A1EADB /* Login */ = {
			isa = PBXGroup;
			children = (
				483817962AED5D1C00A1EADB /* ViewModel */,
				483817932AED57DD00A1EADB /* View */,
			);
			path = Login;
			sourceTree = "<group>";
		};
		483817932AED57DD00A1EADB /* View */ = {
			isa = PBXGroup;
			children = (
				483817942AED580B00A1EADB /* LoginView.swift */,
			);
			path = View;
			sourceTree = "<group>";
		};
		483817962AED5D1C00A1EADB /* ViewModel */ = {
			isa = PBXGroup;
			children = (
				483817972AED5D2E00A1EADB /* LoginViewModel.swift */,
			);
			path = ViewModel;
			sourceTree = "<group>";
		};
		484A09452B31E266006E1D66 /* Extension */ = {
			isa = PBXGroup;
			children = (
				4BC22B762BD3DEC800F03C4A /* OptionalBool+orFalse.swift */,
				4BC22B772BD3DEC800F03C4A /* OptionalDouble+orZero.swift */,
				4BC22B792BD3DEC800F03C4A /* OptionalInt+orZero.swift */,
				4BC22B782BD3DEC800F03C4A /* OptionalString+orEmpty.swift */,
				4BC22B6F2BD3DC3400F03C4A /* MoyaProvider+DefaultProvider.swift */,
				4BC22B702BD3DC3400F03C4A /* MoyaProvider+RequestAsync.swift */,
				484A09462B31E274006E1D66 /* Encodable+toJSON.swift */,
				484A09522B324B5A006E1D66 /* Date+toString.swift */,
				4BDEA3972B35A59A00BFED9E /* Sequence+unique.swift */,
				4BC22B942BD4169A00F03C4A /* URL+imagePath.swift */,
				4BC22B9B2BD4185E00F03C4A /* View+cornerRadius.swift */,
				4BC22BB12BD57DFB00F03C4A /* String+dateDisplay.swift */,
			);
			path = Extension;
			sourceTree = "<group>";
		};
		484D30322B2A1B48002B3880 /* Entities */ = {
			isa = PBXGroup;
			children = (
				4BC22B882BD3E3D100F03C4A /* DefaultResponse.swift */,
				484D30332B2A1B5C002B3880 /* Inventory.swift */,
				484A09482B31E29F006E1D66 /* User.swift */,
				484A094A2B31EFF8006E1D66 /* Category.swift */,
				4BC22B902BD3FDE500F03C4A /* Announcement.swift */,
				4BC22B922BD3FF3F00F03C4A /* Loan.swift */,
			);
			path = Entities;
			sourceTree = "<group>";
		};
		48BAE2C02AED390400AB3D8F = {
			isa = PBXGroup;
			children = (
				48BAE2CB2AED390400AB3D8F /* AssetIn */,
				48BAE2DC2AED390500AB3D8F /* AssetInTests */,
				48BAE2E62AED390500AB3D8F /* AssetInUITests */,
				48BAE2CA2AED390400AB3D8F /* Products */,
			);
			sourceTree = "<group>";
		};
		48BAE2CA2AED390400AB3D8F /* Products */ = {
			isa = PBXGroup;
			children = (
				48BAE2C92AED390400AB3D8F /* AssetIn.app */,
				48BAE2D92AED390500AB3D8F /* AssetInTests.xctest */,
				48BAE2E32AED390500AB3D8F /* AssetInUITests.xctest */,
			);
			name = Products;
			sourceTree = "<group>";
		};
		48BAE2CB2AED390400AB3D8F /* AssetIn */ = {
			isa = PBXGroup;
			children = (
				4838178D2AED519500A1EADB /* Info.plist */,
				48BAE2F92AED399600AB3D8F /* Feature */,
				48BAE2F82AED398700AB3D8F /* Common */,
				48BAE2D22AED390500AB3D8F /* Preview Content */,
			);
			path = AssetIn;
			sourceTree = "<group>";
		};
		48BAE2D22AED390500AB3D8F /* Preview Content */ = {
			isa = PBXGroup;
			children = (
				48BAE2D32AED390500AB3D8F /* Preview Assets.xcassets */,
			);
			path = "Preview Content";
			sourceTree = "<group>";
		};
		48BAE2DC2AED390500AB3D8F /* AssetInTests */ = {
			isa = PBXGroup;
			children = (
				48BAE2DD2AED390500AB3D8F /* AssetInTests.swift */,
			);
			path = AssetInTests;
			sourceTree = "<group>";
		};
		48BAE2E62AED390500AB3D8F /* AssetInUITests */ = {
			isa = PBXGroup;
			children = (
				48BAE2E72AED390500AB3D8F /* AssetInUITests.swift */,
				48BAE2E92AED390500AB3D8F /* AssetInUITestsLaunchTests.swift */,
			);
			path = AssetInUITests;
			sourceTree = "<group>";
		};
		48BAE2F62AED396000AB3D8F /* Main */ = {
			isa = PBXGroup;
			children = (
				48BAE2CC2AED390400AB3D8F /* AssetInApp.swift */,
				48BAE2CE2AED390400AB3D8F /* ContentView.swift */,
				4852FA952B189CE100FAAD3B /* MainView.swift */,
			);
			path = Main;
			sourceTree = "<group>";
		};
		48BAE2F72AED397200AB3D8F /* Resource */ = {
			isa = PBXGroup;
			children = (
				48BAE2D02AED390500AB3D8F /* Assets.xcassets */,
				483817862AED41F100A1EADB /* Image+Default.swift */,
				483817842AED3F6500A1EADB /* Color+Default.swift */,
			);
			path = Resource;
			sourceTree = "<group>";
		};
		48BAE2F82AED398700AB3D8F /* Common */ = {
			isa = PBXGroup;
			children = (
				4BC22B732BD3DCA400F03C4A /* Core */,
				4BC22B652BD3DB8D00F03C4A /* Data */,
				484A09452B31E266006E1D66 /* Extension */,
				484D30322B2A1B48002B3880 /* Entities */,
				48E752B22B2852100099F0DF /* Component */,
				48BAE2F72AED397200AB3D8F /* Resource */,
			);
			path = Common;
			sourceTree = "<group>";
		};
		48BAE2F92AED399600AB3D8F /* Feature */ = {
			isa = PBXGroup;
			children = (
				4BC22B962BD4175A00F03C4A /* Home */,
				483817922AED57C400A1EADB /* Login */,
				4838178E2AED554100A1EADB /* Onboarding */,
				48BAE2F62AED396000AB3D8F /* Main */,
			);
			path = Feature;
			sourceTree = "<group>";
		};
		48E752B22B2852100099F0DF /* Component */ = {
			isa = PBXGroup;
			children = (
				484A09502B3241FB006E1D66 /* SafariWebView.swift */,
				4BC22B992BD4180500F03C4A /* HeaderView.swift */,
			);
			path = Component;
			sourceTree = "<group>";
		};
		4BC22B652BD3DB8D00F03C4A /* Data */ = {
			isa = PBXGroup;
			children = (
				4BC22BA92BD570BE00F03C4A /* Loan */,
				4BC22B9D2BD41AB500F03C4A /* Announcement */,
				4BC22B842BD3E06800F03C4A /* Auth */,
				4BC22B7E2BD3DF8A00F03C4A /* Reusable */,
			);
			path = Data;
			sourceTree = "<group>";
		};
		4BC22B732BD3DCA400F03C4A /* Core */ = {
			isa = PBXGroup;
			children = (
				4838179A2AED690C00A1EADB /* AppNavigator.swift */,
				4BC22B742BD3DCFD00F03C4A /* SystemSettings.swift */,
			);
			path = Core;
			sourceTree = "<group>";
		};
		4BC22B7E2BD3DF8A00F03C4A /* Reusable */ = {
			isa = PBXGroup;
			children = (
				4BC22B812BD3DFF200F03C4A /* DefaultTargetType.swift */,
			);
			path = Reusable;
			sourceTree = "<group>";
		};
		4BC22B842BD3E06800F03C4A /* Auth */ = {
			isa = PBXGroup;
			children = (
				4BC22B8E2BD3F6F900F03C4A /* AuthRepository.swift */,
				4BC22B852BD3E06C00F03C4A /* Remote */,
			);
			path = Auth;
			sourceTree = "<group>";
		};
		4BC22B852BD3E06C00F03C4A /* Remote */ = {
			isa = PBXGroup;
			children = (
				4BC22B862BD3E1C900F03C4A /* AuthRemoteDataSource.swift */,
				4BC22B8A2BD3E8DC00F03C4A /* AuthTargetType.swift */,
			);
			path = Remote;
			sourceTree = "<group>";
		};
		4BC22B962BD4175A00F03C4A /* Home */ = {
			isa = PBXGroup;
			children = (
				4BC22B982BD4176C00F03C4A /* View */,
				4BC22B972BD4176300F03C4A /* ViewModel */,
			);
			path = Home;
			sourceTree = "<group>";
		};
		4BC22B972BD4176300F03C4A /* ViewModel */ = {
			isa = PBXGroup;
			children = (
				4BC22BA52BD4209400F03C4A /* HomeViewModel.swift */,
			);
			path = ViewModel;
			sourceTree = "<group>";
		};
		4BC22B982BD4176C00F03C4A /* View */ = {
			isa = PBXGroup;
			children = (
				4BC22BA72BD421B100F03C4A /* HomeView.swift */,
			);
			path = View;
			sourceTree = "<group>";
		};
		4BC22B9D2BD41AB500F03C4A /* Announcement */ = {
			isa = PBXGroup;
			children = (
				4BC22BA32BD41F2B00F03C4A /* AnnouncementRepository.swift */,
				4BC22B9E2BD41AE400F03C4A /* Remote */,
			);
			path = Announcement;
			sourceTree = "<group>";
		};
		4BC22B9E2BD41AE400F03C4A /* Remote */ = {
			isa = PBXGroup;
			children = (
				4BC22B9F2BD41AFC00F03C4A /* AnnouncementTargetType.swift */,
				4BC22BA12BD41D4E00F03C4A /* AnnouncementRemoteDataSource.swift */,
			);
			path = Remote;
			sourceTree = "<group>";
		};
		4BC22BA92BD570BE00F03C4A /* Loan */ = {
			isa = PBXGroup;
			children = (
				4BC22BAA2BD570C400F03C4A /* Remote */,
				4BC22BAF2BD5765E00F03C4A /* LoanRepository.swift */,
			);
			path = Loan;
			sourceTree = "<group>";
		};
		4BC22BAA2BD570C400F03C4A /* Remote */ = {
			isa = PBXGroup;
			children = (
				4BC22BAB2BD570D200F03C4A /* LoanTargetType.swift */,
				4BC22BAD2BD5756300F03C4A /* LoanRemoteDataSource.swift */,
			);
			path = Remote;
			sourceTree = "<group>";
		};
/* End PBXGroup section */

/* Begin PBXNativeTarget section */
		48BAE2C82AED390400AB3D8F /* AssetIn */ = {
			isa = PBXNativeTarget;
			buildConfigurationList = 48BAE2ED2AED390500AB3D8F /* Build configuration list for PBXNativeTarget "AssetIn" */;
			buildPhases = (
				48BAE2C52AED390400AB3D8F /* Sources */,
				48BAE2C62AED390400AB3D8F /* Frameworks */,
				48BAE2C72AED390400AB3D8F /* Resources */,
			);
			buildRules = (
			);
			dependencies = (
			);
			name = AssetIn;
			packageProductDependencies = (
				4BC22B672BD3DC1800F03C4A /* CombineMoya */,
				4BC22B692BD3DC1800F03C4A /* Moya */,
				4BC22B6B2BD3DC1800F03C4A /* ReactiveMoya */,
				4BC22B6D2BD3DC1800F03C4A /* RxMoya */,
			);
			productName = AssetIn;
			productReference = 48BAE2C92AED390400AB3D8F /* AssetIn.app */;
			productType = "com.apple.product-type.application";
		};
		48BAE2D82AED390500AB3D8F /* AssetInTests */ = {
			isa = PBXNativeTarget;
			buildConfigurationList = 48BAE2F02AED390500AB3D8F /* Build configuration list for PBXNativeTarget "AssetInTests" */;
			buildPhases = (
				48BAE2D52AED390500AB3D8F /* Sources */,
				48BAE2D62AED390500AB3D8F /* Frameworks */,
				48BAE2D72AED390500AB3D8F /* Resources */,
			);
			buildRules = (
			);
			dependencies = (
				48BAE2DB2AED390500AB3D8F /* PBXTargetDependency */,
			);
			name = AssetInTests;
			productName = AssetInTests;
			productReference = 48BAE2D92AED390500AB3D8F /* AssetInTests.xctest */;
			productType = "com.apple.product-type.bundle.unit-test";
		};
		48BAE2E22AED390500AB3D8F /* AssetInUITests */ = {
			isa = PBXNativeTarget;
			buildConfigurationList = 48BAE2F32AED390500AB3D8F /* Build configuration list for PBXNativeTarget "AssetInUITests" */;
			buildPhases = (
				48BAE2DF2AED390500AB3D8F /* Sources */,
				48BAE2E02AED390500AB3D8F /* Frameworks */,
				48BAE2E12AED390500AB3D8F /* Resources */,
			);
			buildRules = (
			);
			dependencies = (
				48BAE2E52AED390500AB3D8F /* PBXTargetDependency */,
			);
			name = AssetInUITests;
			productName = AssetInUITests;
			productReference = 48BAE2E32AED390500AB3D8F /* AssetInUITests.xctest */;
			productType = "com.apple.product-type.bundle.ui-testing";
		};
/* End PBXNativeTarget section */

/* Begin PBXProject section */
		48BAE2C12AED390400AB3D8F /* Project object */ = {
			isa = PBXProject;
			attributes = {
				BuildIndependentTargetsInParallel = 1;
				LastSwiftUpdateCheck = 1500;
				LastUpgradeCheck = 1500;
				TargetAttributes = {
					48BAE2C82AED390400AB3D8F = {
						CreatedOnToolsVersion = 15.0;
					};
					48BAE2D82AED390500AB3D8F = {
						CreatedOnToolsVersion = 15.0;
						TestTargetID = 48BAE2C82AED390400AB3D8F;
					};
					48BAE2E22AED390500AB3D8F = {
						CreatedOnToolsVersion = 15.0;
						TestTargetID = 48BAE2C82AED390400AB3D8F;
					};
				};
			};
			buildConfigurationList = 48BAE2C42AED390400AB3D8F /* Build configuration list for PBXProject "AssetIn" */;
			compatibilityVersion = "Xcode 14.0";
			developmentRegion = en;
			hasScannedForEncodings = 0;
			knownRegions = (
				en,
				Base,
			);
			mainGroup = 48BAE2C02AED390400AB3D8F;
			packageReferences = (
				4BC22B662BD3DC1800F03C4A /* XCRemoteSwiftPackageReference "Moya" */,
			);
			productRefGroup = 48BAE2CA2AED390400AB3D8F /* Products */;
			projectDirPath = "";
			projectRoot = "";
			targets = (
				48BAE2C82AED390400AB3D8F /* AssetIn */,
				48BAE2D82AED390500AB3D8F /* AssetInTests */,
				48BAE2E22AED390500AB3D8F /* AssetInUITests */,
			);
		};
/* End PBXProject section */

/* Begin PBXResourcesBuildPhase section */
		48BAE2C72AED390400AB3D8F /* Resources */ = {
			isa = PBXResourcesBuildPhase;
			buildActionMask = 2147483647;
			files = (
				48BAE2D42AED390500AB3D8F /* Preview Assets.xcassets in Resources */,
				48BAE2D12AED390500AB3D8F /* Assets.xcassets in Resources */,
			);
			runOnlyForDeploymentPostprocessing = 0;
		};
		48BAE2D72AED390500AB3D8F /* Resources */ = {
			isa = PBXResourcesBuildPhase;
			buildActionMask = 2147483647;
			files = (
			);
			runOnlyForDeploymentPostprocessing = 0;
		};
		48BAE2E12AED390500AB3D8F /* Resources */ = {
			isa = PBXResourcesBuildPhase;
			buildActionMask = 2147483647;
			files = (
			);
			runOnlyForDeploymentPostprocessing = 0;
		};
/* End PBXResourcesBuildPhase section */

/* Begin PBXSourcesBuildPhase section */
		48BAE2C52AED390400AB3D8F /* Sources */ = {
			isa = PBXSourcesBuildPhase;
			buildActionMask = 2147483647;
			files = (
				483817952AED580B00A1EADB /* LoginView.swift in Sources */,
				4BC22B932BD3FF3F00F03C4A /* Loan.swift in Sources */,
				484D30342B2A1B5C002B3880 /* Inventory.swift in Sources */,
				4BC22B892BD3E3D100F03C4A /* DefaultResponse.swift in Sources */,
				4BC22B9C2BD4185E00F03C4A /* View+cornerRadius.swift in Sources */,
				4BC22BAC2BD570D200F03C4A /* LoanTargetType.swift in Sources */,
				4BC22B872BD3E1C900F03C4A /* AuthRemoteDataSource.swift in Sources */,
				4838179B2AED690C00A1EADB /* AppNavigator.swift in Sources */,
				484A09532B324B5A006E1D66 /* Date+toString.swift in Sources */,
				4BC22B712BD3DC3400F03C4A /* MoyaProvider+DefaultProvider.swift in Sources */,
				4BC22B8B2BD3E8DC00F03C4A /* AuthTargetType.swift in Sources */,
				4BC22BB22BD57DFB00F03C4A /* String+dateDisplay.swift in Sources */,
				4BC22BA62BD4209400F03C4A /* HomeViewModel.swift in Sources */,
				48BAE2CF2AED390400AB3D8F /* ContentView.swift in Sources */,
				4BC22B722BD3DC3400F03C4A /* MoyaProvider+RequestAsync.swift in Sources */,
				483817872AED41F100A1EADB /* Image+Default.swift in Sources */,
				4BC22BB02BD5765E00F03C4A /* LoanRepository.swift in Sources */,
				484A09492B31E29F006E1D66 /* User.swift in Sources */,
				483817852AED3F6500A1EADB /* Color+Default.swift in Sources */,
				4BC22B7C2BD3DEC800F03C4A /* OptionalString+orEmpty.swift in Sources */,
				4BC22B9A2BD4180500F03C4A /* HeaderView.swift in Sources */,
				4BC22BA02BD41AFC00F03C4A /* AnnouncementTargetType.swift in Sources */,
				484A09472B31E274006E1D66 /* Encodable+toJSON.swift in Sources */,
				4BC22B912BD3FDE500F03C4A /* Announcement.swift in Sources */,
				4BC22B7D2BD3DEC800F03C4A /* OptionalInt+orZero.swift in Sources */,
				4BC22B7B2BD3DEC800F03C4A /* OptionalDouble+orZero.swift in Sources */,
				4BC22BA42BD41F2B00F03C4A /* AnnouncementRepository.swift in Sources */,
				4BC22B752BD3DCFD00F03C4A /* SystemSettings.swift in Sources */,
				4852FA962B189CE100FAAD3B /* MainView.swift in Sources */,
				4BC22B8F2BD3F6F900F03C4A /* AuthRepository.swift in Sources */,
				483817912AED555800A1EADB /* OnboardingView.swift in Sources */,
				48BAE2CD2AED390400AB3D8F /* AssetInApp.swift in Sources */,
				4BC22BAE2BD5756300F03C4A /* LoanRemoteDataSource.swift in Sources */,
				4BC22BA22BD41D4E00F03C4A /* AnnouncementRemoteDataSource.swift in Sources */,
				483817982AED5D2E00A1EADB /* LoginViewModel.swift in Sources */,
				484A094B2B31EFF8006E1D66 /* Category.swift in Sources */,
				4BC22B822BD3DFF200F03C4A /* DefaultTargetType.swift in Sources */,
				4BC22B7A2BD3DEC800F03C4A /* OptionalBool+orFalse.swift in Sources */,
				4BC22B952BD4169A00F03C4A /* URL+imagePath.swift in Sources */,
				4BDEA3982B35A59A00BFED9E /* Sequence+unique.swift in Sources */,
				484A09512B3241FB006E1D66 /* SafariWebView.swift in Sources */,
				4BC22BA82BD421B100F03C4A /* HomeView.swift in Sources */,
			);
			runOnlyForDeploymentPostprocessing = 0;
		};
		48BAE2D52AED390500AB3D8F /* Sources */ = {
			isa = PBXSourcesBuildPhase;
			buildActionMask = 2147483647;
			files = (
				48BAE2DE2AED390500AB3D8F /* AssetInTests.swift in Sources */,
			);
			runOnlyForDeploymentPostprocessing = 0;
		};
		48BAE2DF2AED390500AB3D8F /* Sources */ = {
			isa = PBXSourcesBuildPhase;
			buildActionMask = 2147483647;
			files = (
				48BAE2EA2AED390500AB3D8F /* AssetInUITestsLaunchTests.swift in Sources */,
				48BAE2E82AED390500AB3D8F /* AssetInUITests.swift in Sources */,
			);
			runOnlyForDeploymentPostprocessing = 0;
		};
/* End PBXSourcesBuildPhase section */

/* Begin PBXTargetDependency section */
		48BAE2DB2AED390500AB3D8F /* PBXTargetDependency */ = {
			isa = PBXTargetDependency;
			target = 48BAE2C82AED390400AB3D8F /* AssetIn */;
			targetProxy = 48BAE2DA2AED390500AB3D8F /* PBXContainerItemProxy */;
		};
		48BAE2E52AED390500AB3D8F /* PBXTargetDependency */ = {
			isa = PBXTargetDependency;
			target = 48BAE2C82AED390400AB3D8F /* AssetIn */;
			targetProxy = 48BAE2E42AED390500AB3D8F /* PBXContainerItemProxy */;
		};
/* End PBXTargetDependency section */

/* Begin XCBuildConfiguration section */
		48BAE2EB2AED390500AB3D8F /* Debug */ = {
			isa = XCBuildConfiguration;
			buildSettings = {
				ALWAYS_SEARCH_USER_PATHS = NO;
				ASSETCATALOG_COMPILER_GENERATE_SWIFT_ASSET_SYMBOL_EXTENSIONS = YES;
				CLANG_ANALYZER_NONNULL = YES;
				CLANG_ANALYZER_NUMBER_OBJECT_CONVERSION = YES_AGGRESSIVE;
				CLANG_CXX_LANGUAGE_STANDARD = "gnu++20";
				CLANG_ENABLE_MODULES = YES;
				CLANG_ENABLE_OBJC_ARC = YES;
				CLANG_ENABLE_OBJC_WEAK = YES;
				CLANG_WARN_BLOCK_CAPTURE_AUTORELEASING = YES;
				CLANG_WARN_BOOL_CONVERSION = YES;
				CLANG_WARN_COMMA = YES;
				CLANG_WARN_CONSTANT_CONVERSION = YES;
				CLANG_WARN_DEPRECATED_OBJC_IMPLEMENTATIONS = YES;
				CLANG_WARN_DIRECT_OBJC_ISA_USAGE = YES_ERROR;
				CLANG_WARN_DOCUMENTATION_COMMENTS = YES;
				CLANG_WARN_EMPTY_BODY = YES;
				CLANG_WARN_ENUM_CONVERSION = YES;
				CLANG_WARN_INFINITE_RECURSION = YES;
				CLANG_WARN_INT_CONVERSION = YES;
				CLANG_WARN_NON_LITERAL_NULL_CONVERSION = YES;
				CLANG_WARN_OBJC_IMPLICIT_RETAIN_SELF = YES;
				CLANG_WARN_OBJC_LITERAL_CONVERSION = YES;
				CLANG_WARN_OBJC_ROOT_CLASS = YES_ERROR;
				CLANG_WARN_QUOTED_INCLUDE_IN_FRAMEWORK_HEADER = YES;
				CLANG_WARN_RANGE_LOOP_ANALYSIS = YES;
				CLANG_WARN_STRICT_PROTOTYPES = YES;
				CLANG_WARN_SUSPICIOUS_MOVE = YES;
				CLANG_WARN_UNGUARDED_AVAILABILITY = YES_AGGRESSIVE;
				CLANG_WARN_UNREACHABLE_CODE = YES;
				CLANG_WARN__DUPLICATE_METHOD_MATCH = YES;
				COPY_PHASE_STRIP = NO;
				DEBUG_INFORMATION_FORMAT = dwarf;
				ENABLE_STRICT_OBJC_MSGSEND = YES;
				ENABLE_TESTABILITY = YES;
				ENABLE_USER_SCRIPT_SANDBOXING = YES;
				GCC_C_LANGUAGE_STANDARD = gnu17;
				GCC_DYNAMIC_NO_PIC = NO;
				GCC_NO_COMMON_BLOCKS = YES;
				GCC_OPTIMIZATION_LEVEL = 0;
				GCC_PREPROCESSOR_DEFINITIONS = (
					"DEBUG=1",
					"$(inherited)",
				);
				GCC_WARN_64_TO_32_BIT_CONVERSION = YES;
				GCC_WARN_ABOUT_RETURN_TYPE = YES_ERROR;
				GCC_WARN_UNDECLARED_SELECTOR = YES;
				GCC_WARN_UNINITIALIZED_AUTOS = YES_AGGRESSIVE;
				GCC_WARN_UNUSED_FUNCTION = YES;
				GCC_WARN_UNUSED_VARIABLE = YES;
				IPHONEOS_DEPLOYMENT_TARGET = 17.0;
				LOCALIZATION_PREFERS_STRING_CATALOGS = YES;
				MTL_ENABLE_DEBUG_INFO = INCLUDE_SOURCE;
				MTL_FAST_MATH = YES;
				ONLY_ACTIVE_ARCH = YES;
				SDKROOT = iphoneos;
				SWIFT_ACTIVE_COMPILATION_CONDITIONS = "DEBUG $(inherited)";
				SWIFT_OPTIMIZATION_LEVEL = "-Onone";
			};
			name = Debug;
		};
		48BAE2EC2AED390500AB3D8F /* Release */ = {
			isa = XCBuildConfiguration;
			buildSettings = {
				ALWAYS_SEARCH_USER_PATHS = NO;
				ASSETCATALOG_COMPILER_GENERATE_SWIFT_ASSET_SYMBOL_EXTENSIONS = YES;
				CLANG_ANALYZER_NONNULL = YES;
				CLANG_ANALYZER_NUMBER_OBJECT_CONVERSION = YES_AGGRESSIVE;
				CLANG_CXX_LANGUAGE_STANDARD = "gnu++20";
				CLANG_ENABLE_MODULES = YES;
				CLANG_ENABLE_OBJC_ARC = YES;
				CLANG_ENABLE_OBJC_WEAK = YES;
				CLANG_WARN_BLOCK_CAPTURE_AUTORELEASING = YES;
				CLANG_WARN_BOOL_CONVERSION = YES;
				CLANG_WARN_COMMA = YES;
				CLANG_WARN_CONSTANT_CONVERSION = YES;
				CLANG_WARN_DEPRECATED_OBJC_IMPLEMENTATIONS = YES;
				CLANG_WARN_DIRECT_OBJC_ISA_USAGE = YES_ERROR;
				CLANG_WARN_DOCUMENTATION_COMMENTS = YES;
				CLANG_WARN_EMPTY_BODY = YES;
				CLANG_WARN_ENUM_CONVERSION = YES;
				CLANG_WARN_INFINITE_RECURSION = YES;
				CLANG_WARN_INT_CONVERSION = YES;
				CLANG_WARN_NON_LITERAL_NULL_CONVERSION = YES;
				CLANG_WARN_OBJC_IMPLICIT_RETAIN_SELF = YES;
				CLANG_WARN_OBJC_LITERAL_CONVERSION = YES;
				CLANG_WARN_OBJC_ROOT_CLASS = YES_ERROR;
				CLANG_WARN_QUOTED_INCLUDE_IN_FRAMEWORK_HEADER = YES;
				CLANG_WARN_RANGE_LOOP_ANALYSIS = YES;
				CLANG_WARN_STRICT_PROTOTYPES = YES;
				CLANG_WARN_SUSPICIOUS_MOVE = YES;
				CLANG_WARN_UNGUARDED_AVAILABILITY = YES_AGGRESSIVE;
				CLANG_WARN_UNREACHABLE_CODE = YES;
				CLANG_WARN__DUPLICATE_METHOD_MATCH = YES;
				COPY_PHASE_STRIP = NO;
				DEBUG_INFORMATION_FORMAT = "dwarf-with-dsym";
				ENABLE_NS_ASSERTIONS = NO;
				ENABLE_STRICT_OBJC_MSGSEND = YES;
				ENABLE_USER_SCRIPT_SANDBOXING = YES;
				GCC_C_LANGUAGE_STANDARD = gnu17;
				GCC_NO_COMMON_BLOCKS = YES;
				GCC_WARN_64_TO_32_BIT_CONVERSION = YES;
				GCC_WARN_ABOUT_RETURN_TYPE = YES_ERROR;
				GCC_WARN_UNDECLARED_SELECTOR = YES;
				GCC_WARN_UNINITIALIZED_AUTOS = YES_AGGRESSIVE;
				GCC_WARN_UNUSED_FUNCTION = YES;
				GCC_WARN_UNUSED_VARIABLE = YES;
				IPHONEOS_DEPLOYMENT_TARGET = 17.0;
				LOCALIZATION_PREFERS_STRING_CATALOGS = YES;
				MTL_ENABLE_DEBUG_INFO = NO;
				MTL_FAST_MATH = YES;
				SDKROOT = iphoneos;
				SWIFT_COMPILATION_MODE = wholemodule;
				VALIDATE_PRODUCT = YES;
			};
			name = Release;
		};
		48BAE2EE2AED390500AB3D8F /* Debug */ = {
			isa = XCBuildConfiguration;
			buildSettings = {
				ASSETCATALOG_COMPILER_APPICON_NAME = AppIcon;
				ASSETCATALOG_COMPILER_GLOBAL_ACCENT_COLOR_NAME = AccentColor;
				CODE_SIGN_STYLE = Automatic;
				CURRENT_PROJECT_VERSION = 1;
				DEVELOPMENT_ASSET_PATHS = "\"AssetIn/Preview Content\"";
				DEVELOPMENT_TEAM = 39B633LG23;
				ENABLE_PREVIEWS = YES;
				GENERATE_INFOPLIST_FILE = YES;
				INFOPLIST_FILE = AssetIn/Info.plist;
				INFOPLIST_KEY_CFBundleDisplayName = AssetIn;
				INFOPLIST_KEY_UIApplicationSceneManifest_Generation = YES;
				INFOPLIST_KEY_UIApplicationSupportsIndirectInputEvents = YES;
				INFOPLIST_KEY_UILaunchScreen_Generation = YES;
				INFOPLIST_KEY_UISupportedInterfaceOrientations_iPad = "UIInterfaceOrientationPortrait UIInterfaceOrientationPortraitUpsideDown UIInterfaceOrientationLandscapeLeft UIInterfaceOrientationLandscapeRight";
				INFOPLIST_KEY_UISupportedInterfaceOrientations_iPhone = "UIInterfaceOrientationPortrait UIInterfaceOrientationLandscapeLeft UIInterfaceOrientationLandscapeRight";
				INFOPLIST_KEY_UIUserInterfaceStyle = Light;
				IPHONEOS_DEPLOYMENT_TARGET = 16.0;
				LD_RUNPATH_SEARCH_PATHS = (
					"$(inherited)",
					"@executable_path/Frameworks",
				);
				MARKETING_VERSION = 1.0;
				PRODUCT_BUNDLE_IDENTIFIER = com.hygeasa.AssetInDev;
				PRODUCT_NAME = "$(TARGET_NAME)";
				SWIFT_EMIT_LOC_STRINGS = YES;
				SWIFT_VERSION = 5.0;
				TARGETED_DEVICE_FAMILY = "1,2";
			};
			name = Debug;
		};
		48BAE2EF2AED390500AB3D8F /* Release */ = {
			isa = XCBuildConfiguration;
			buildSettings = {
				ASSETCATALOG_COMPILER_APPICON_NAME = AppIcon;
				ASSETCATALOG_COMPILER_GLOBAL_ACCENT_COLOR_NAME = AccentColor;
				CODE_SIGN_STYLE = Automatic;
				CURRENT_PROJECT_VERSION = 1;
				DEVELOPMENT_ASSET_PATHS = "\"AssetIn/Preview Content\"";
				DEVELOPMENT_TEAM = 39B633LG23;
				ENABLE_PREVIEWS = YES;
				GENERATE_INFOPLIST_FILE = YES;
				INFOPLIST_FILE = AssetIn/Info.plist;
				INFOPLIST_KEY_CFBundleDisplayName = AssetIn;
				INFOPLIST_KEY_UIApplicationSceneManifest_Generation = YES;
				INFOPLIST_KEY_UIApplicationSupportsIndirectInputEvents = YES;
				INFOPLIST_KEY_UILaunchScreen_Generation = YES;
				INFOPLIST_KEY_UISupportedInterfaceOrientations_iPad = "UIInterfaceOrientationPortrait UIInterfaceOrientationPortraitUpsideDown UIInterfaceOrientationLandscapeLeft UIInterfaceOrientationLandscapeRight";
				INFOPLIST_KEY_UISupportedInterfaceOrientations_iPhone = "UIInterfaceOrientationPortrait UIInterfaceOrientationLandscapeLeft UIInterfaceOrientationLandscapeRight";
				INFOPLIST_KEY_UIUserInterfaceStyle = Light;
				IPHONEOS_DEPLOYMENT_TARGET = 16.0;
				LD_RUNPATH_SEARCH_PATHS = (
					"$(inherited)",
					"@executable_path/Frameworks",
				);
				MARKETING_VERSION = 1.0;
				PRODUCT_BUNDLE_IDENTIFIER = com.hygeasa.AssetInDev;
				PRODUCT_NAME = "$(TARGET_NAME)";
				SWIFT_EMIT_LOC_STRINGS = YES;
				SWIFT_VERSION = 5.0;
				TARGETED_DEVICE_FAMILY = "1,2";
			};
			name = Release;
		};
		48BAE2F12AED390500AB3D8F /* Debug */ = {
			isa = XCBuildConfiguration;
			buildSettings = {
				ALWAYS_EMBED_SWIFT_STANDARD_LIBRARIES = YES;
				BUNDLE_LOADER = "$(TEST_HOST)";
				CODE_SIGN_STYLE = Automatic;
				CURRENT_PROJECT_VERSION = 1;
				DEVELOPMENT_TEAM = CYNQH7WY8M;
				GENERATE_INFOPLIST_FILE = YES;
				IPHONEOS_DEPLOYMENT_TARGET = 17.0;
				MARKETING_VERSION = 1.0;
				PRODUCT_BUNDLE_IDENTIFIER = com.hygeasa.AssetInTests;
				PRODUCT_NAME = "$(TARGET_NAME)";
				SWIFT_EMIT_LOC_STRINGS = NO;
				SWIFT_VERSION = 5.0;
				TARGETED_DEVICE_FAMILY = "1,2";
				TEST_HOST = "$(BUILT_PRODUCTS_DIR)/AssetIn.app/$(BUNDLE_EXECUTABLE_FOLDER_PATH)/AssetIn";
			};
			name = Debug;
		};
		48BAE2F22AED390500AB3D8F /* Release */ = {
			isa = XCBuildConfiguration;
			buildSettings = {
				ALWAYS_EMBED_SWIFT_STANDARD_LIBRARIES = YES;
				BUNDLE_LOADER = "$(TEST_HOST)";
				CODE_SIGN_STYLE = Automatic;
				CURRENT_PROJECT_VERSION = 1;
				DEVELOPMENT_TEAM = CYNQH7WY8M;
				GENERATE_INFOPLIST_FILE = YES;
				IPHONEOS_DEPLOYMENT_TARGET = 17.0;
				MARKETING_VERSION = 1.0;
				PRODUCT_BUNDLE_IDENTIFIER = com.hygeasa.AssetInTests;
				PRODUCT_NAME = "$(TARGET_NAME)";
				SWIFT_EMIT_LOC_STRINGS = NO;
				SWIFT_VERSION = 5.0;
				TARGETED_DEVICE_FAMILY = "1,2";
				TEST_HOST = "$(BUILT_PRODUCTS_DIR)/AssetIn.app/$(BUNDLE_EXECUTABLE_FOLDER_PATH)/AssetIn";
			};
			name = Release;
		};
		48BAE2F42AED390500AB3D8F /* Debug */ = {
			isa = XCBuildConfiguration;
			buildSettings = {
				ALWAYS_EMBED_SWIFT_STANDARD_LIBRARIES = YES;
				CODE_SIGN_STYLE = Automatic;
				CURRENT_PROJECT_VERSION = 1;
				DEVELOPMENT_TEAM = CYNQH7WY8M;
				GENERATE_INFOPLIST_FILE = YES;
				MARKETING_VERSION = 1.0;
				PRODUCT_BUNDLE_IDENTIFIER = com.hygeasa.AssetInUITests;
				PRODUCT_NAME = "$(TARGET_NAME)";
				SWIFT_EMIT_LOC_STRINGS = NO;
				SWIFT_VERSION = 5.0;
				TARGETED_DEVICE_FAMILY = "1,2";
				TEST_TARGET_NAME = AssetIn;
			};
			name = Debug;
		};
		48BAE2F52AED390500AB3D8F /* Release */ = {
			isa = XCBuildConfiguration;
			buildSettings = {
				ALWAYS_EMBED_SWIFT_STANDARD_LIBRARIES = YES;
				CODE_SIGN_STYLE = Automatic;
				CURRENT_PROJECT_VERSION = 1;
				DEVELOPMENT_TEAM = CYNQH7WY8M;
				GENERATE_INFOPLIST_FILE = YES;
				MARKETING_VERSION = 1.0;
				PRODUCT_BUNDLE_IDENTIFIER = com.hygeasa.AssetInUITests;
				PRODUCT_NAME = "$(TARGET_NAME)";
				SWIFT_EMIT_LOC_STRINGS = NO;
				SWIFT_VERSION = 5.0;
				TARGETED_DEVICE_FAMILY = "1,2";
				TEST_TARGET_NAME = AssetIn;
			};
			name = Release;
		};
/* End XCBuildConfiguration section */

/* Begin XCConfigurationList section */
		48BAE2C42AED390400AB3D8F /* Build configuration list for PBXProject "AssetIn" */ = {
			isa = XCConfigurationList;
			buildConfigurations = (
				48BAE2EB2AED390500AB3D8F /* Debug */,
				48BAE2EC2AED390500AB3D8F /* Release */,
			);
			defaultConfigurationIsVisible = 0;
			defaultConfigurationName = Release;
		};
		48BAE2ED2AED390500AB3D8F /* Build configuration list for PBXNativeTarget "AssetIn" */ = {
			isa = XCConfigurationList;
			buildConfigurations = (
				48BAE2EE2AED390500AB3D8F /* Debug */,
				48BAE2EF2AED390500AB3D8F /* Release */,
			);
			defaultConfigurationIsVisible = 0;
			defaultConfigurationName = Release;
		};
		48BAE2F02AED390500AB3D8F /* Build configuration list for PBXNativeTarget "AssetInTests" */ = {
			isa = XCConfigurationList;
			buildConfigurations = (
				48BAE2F12AED390500AB3D8F /* Debug */,
				48BAE2F22AED390500AB3D8F /* Release */,
			);
			defaultConfigurationIsVisible = 0;
			defaultConfigurationName = Release;
		};
		48BAE2F32AED390500AB3D8F /* Build configuration list for PBXNativeTarget "AssetInUITests" */ = {
			isa = XCConfigurationList;
			buildConfigurations = (
				48BAE2F42AED390500AB3D8F /* Debug */,
				48BAE2F52AED390500AB3D8F /* Release */,
			);
			defaultConfigurationIsVisible = 0;
			defaultConfigurationName = Release;
		};
/* End XCConfigurationList section */

/* Begin XCRemoteSwiftPackageReference section */
		4BC22B662BD3DC1800F03C4A /* XCRemoteSwiftPackageReference "Moya" */ = {
			isa = XCRemoteSwiftPackageReference;
			repositoryURL = "https://github.com/Moya/Moya.git";
			requirement = {
				kind = upToNextMajorVersion;
				minimumVersion = 15.0.3;
			};
		};
/* End XCRemoteSwiftPackageReference section */

/* Begin XCSwiftPackageProductDependency section */
		4BC22B672BD3DC1800F03C4A /* CombineMoya */ = {
			isa = XCSwiftPackageProductDependency;
			package = 4BC22B662BD3DC1800F03C4A /* XCRemoteSwiftPackageReference "Moya" */;
			productName = CombineMoya;
		};
		4BC22B692BD3DC1800F03C4A /* Moya */ = {
			isa = XCSwiftPackageProductDependency;
			package = 4BC22B662BD3DC1800F03C4A /* XCRemoteSwiftPackageReference "Moya" */;
			productName = Moya;
		};
		4BC22B6B2BD3DC1800F03C4A /* ReactiveMoya */ = {
			isa = XCSwiftPackageProductDependency;
			package = 4BC22B662BD3DC1800F03C4A /* XCRemoteSwiftPackageReference "Moya" */;
			productName = ReactiveMoya;
		};
		4BC22B6D2BD3DC1800F03C4A /* RxMoya */ = {
			isa = XCSwiftPackageProductDependency;
			package = 4BC22B662BD3DC1800F03C4A /* XCRemoteSwiftPackageReference "Moya" */;
			productName = RxMoya;
		};
/* End XCSwiftPackageProductDependency section */
	};
	rootObject = 48BAE2C12AED390400AB3D8F /* Project object */;
}
